// !$*UTF8*$!
{
	archiveVersion = 1;
	classes = {
	};
	objectVersion = 56;
	objects = {

/* Begin PBXBuildFile section */
		270789692BAE060B00874D60 /* AppDelegate.swift in Sources */ = {isa = PBXBuildFile; fileRef = 270789682BAE060B00874D60 /* AppDelegate.swift */; };
		2707896B2BAE060B00874D60 /* SceneDelegate.swift in Sources */ = {isa = PBXBuildFile; fileRef = 2707896A2BAE060B00874D60 /* SceneDelegate.swift */; };
		270789722BAE061000874D60 /* Assets.xcassets in Resources */ = {isa = PBXBuildFile; fileRef = 270789712BAE061000874D60 /* Assets.xcassets */; };
		270789752BAE061000874D60 /* LaunchScreen.storyboard in Resources */ = {isa = PBXBuildFile; fileRef = 270789732BAE061000874D60 /* LaunchScreen.storyboard */; };
		272172662BAE08BB00C2990F /* RouterProtocol.swift in Sources */ = {isa = PBXBuildFile; fileRef = 272172652BAE08BA00C2990F /* RouterProtocol.swift */; };
		272172682BAE094300C2990F /* Router.swift in Sources */ = {isa = PBXBuildFile; fileRef = 272172672BAE094300C2990F /* Router.swift */; };
		2721726D2BAE09DB00C2990F /* CoordinatorProtocol.swift in Sources */ = {isa = PBXBuildFile; fileRef = 2721726C2BAE09DB00C2990F /* CoordinatorProtocol.swift */; };
		2721726F2BAE0A0500C2990F /* FlowController.swift in Sources */ = {isa = PBXBuildFile; fileRef = 2721726E2BAE0A0500C2990F /* FlowController.swift */; };
		272172732BAE0A4300C2990F /* FlowControllerWithValue.swift in Sources */ = {isa = PBXBuildFile; fileRef = 272172722BAE0A4300C2990F /* FlowControllerWithValue.swift */; };
		272172762BAE0AF800C2990F /* BaseCoordinator.swift in Sources */ = {isa = PBXBuildFile; fileRef = 272172752BAE0AF800C2990F /* BaseCoordinator.swift */; };
		272172782BAE0C0900C2990F /* AppCoordinator.swift in Sources */ = {isa = PBXBuildFile; fileRef = 272172772BAE0C0900C2990F /* AppCoordinator.swift */; };
		2721727B2BAE0C3C00C2990F /* CoordinatorFactoryProtocol.swift in Sources */ = {isa = PBXBuildFile; fileRef = 2721727A2BAE0C3C00C2990F /* CoordinatorFactoryProtocol.swift */; };
		2721727D2BAE0C7A00C2990F /* CoordinatorFactory.swift in Sources */ = {isa = PBXBuildFile; fileRef = 2721727C2BAE0C7A00C2990F /* CoordinatorFactory.swift */; };
		272172812BAE0F2A00C2990F /* AuthFlowCoordinator.swift in Sources */ = {isa = PBXBuildFile; fileRef = 272172802BAE0F2A00C2990F /* AuthFlowCoordinator.swift */; };
		272172842BAE0F5100C2990F /* AuthViewController.swift in Sources */ = {isa = PBXBuildFile; fileRef = 272172832BAE0F5100C2990F /* AuthViewController.swift */; };
		27A18DFA2BAEE8D900FF508F /* ModuleFactoryProtocol.swift in Sources */ = {isa = PBXBuildFile; fileRef = 27A18DF92BAEE8D900FF508F /* ModuleFactoryProtocol.swift */; };
		27A18DFC2BAEE92800FF508F /* ModuleFactory.swift in Sources */ = {isa = PBXBuildFile; fileRef = 27A18DFB2BAEE92800FF508F /* ModuleFactory.swift */; };
		27A18DFF2BAEFA1200FF508F /* SnapKit in Frameworks */ = {isa = PBXBuildFile; productRef = 27A18DFE2BAEFA1200FF508F /* SnapKit */; };
		27A18E012BAEFA1200FF508F /* SnapKit-Dynamic in Frameworks */ = {isa = PBXBuildFile; productRef = 27A18E002BAEFA1200FF508F /* SnapKit-Dynamic */; };
		BA1B57012BB02E85004E85DC /* Alamofire in Frameworks */ = {isa = PBXBuildFile; productRef = BA1B57002BB02E85004E85DC /* Alamofire */; };
		BA1B57032BB02E85004E85DC /* AlamofireDynamic in Frameworks */ = {isa = PBXBuildFile; productRef = BA1B57022BB02E85004E85DC /* AlamofireDynamic */; };
/* End PBXBuildFile section */

/* Begin PBXFileReference section */
		270789652BAE060B00874D60 /* Bookshelf.app */ = {isa = PBXFileReference; explicitFileType = wrapper.application; includeInIndex = 0; path = Bookshelf.app; sourceTree = BUILT_PRODUCTS_DIR; };
		270789682BAE060B00874D60 /* AppDelegate.swift */ = {isa = PBXFileReference; lastKnownFileType = sourcecode.swift; path = AppDelegate.swift; sourceTree = "<group>"; };
		2707896A2BAE060B00874D60 /* SceneDelegate.swift */ = {isa = PBXFileReference; lastKnownFileType = sourcecode.swift; path = SceneDelegate.swift; sourceTree = "<group>"; };
		270789712BAE061000874D60 /* Assets.xcassets */ = {isa = PBXFileReference; lastKnownFileType = folder.assetcatalog; path = Assets.xcassets; sourceTree = "<group>"; };
		270789742BAE061000874D60 /* Base */ = {isa = PBXFileReference; lastKnownFileType = file.storyboard; name = Base; path = Base.lproj/LaunchScreen.storyboard; sourceTree = "<group>"; };
		270789762BAE061000874D60 /* Info.plist */ = {isa = PBXFileReference; lastKnownFileType = text.plist.xml; path = Info.plist; sourceTree = "<group>"; };
		272172652BAE08BA00C2990F /* RouterProtocol.swift */ = {isa = PBXFileReference; lastKnownFileType = sourcecode.swift; path = RouterProtocol.swift; sourceTree = "<group>"; };
		272172672BAE094300C2990F /* Router.swift */ = {isa = PBXFileReference; lastKnownFileType = sourcecode.swift; path = Router.swift; sourceTree = "<group>"; };
		2721726C2BAE09DB00C2990F /* CoordinatorProtocol.swift */ = {isa = PBXFileReference; lastKnownFileType = sourcecode.swift; path = CoordinatorProtocol.swift; sourceTree = "<group>"; };
		2721726E2BAE0A0500C2990F /* FlowController.swift */ = {isa = PBXFileReference; lastKnownFileType = sourcecode.swift; path = FlowController.swift; sourceTree = "<group>"; };
		272172722BAE0A4300C2990F /* FlowControllerWithValue.swift */ = {isa = PBXFileReference; lastKnownFileType = sourcecode.swift; path = FlowControllerWithValue.swift; sourceTree = "<group>"; };
		272172752BAE0AF800C2990F /* BaseCoordinator.swift */ = {isa = PBXFileReference; lastKnownFileType = sourcecode.swift; path = BaseCoordinator.swift; sourceTree = "<group>"; };
		272172772BAE0C0900C2990F /* AppCoordinator.swift */ = {isa = PBXFileReference; lastKnownFileType = sourcecode.swift; path = AppCoordinator.swift; sourceTree = "<group>"; };
		2721727A2BAE0C3C00C2990F /* CoordinatorFactoryProtocol.swift */ = {isa = PBXFileReference; lastKnownFileType = sourcecode.swift; path = CoordinatorFactoryProtocol.swift; sourceTree = "<group>"; };
		2721727C2BAE0C7A00C2990F /* CoordinatorFactory.swift */ = {isa = PBXFileReference; lastKnownFileType = sourcecode.swift; path = CoordinatorFactory.swift; sourceTree = "<group>"; };
		272172802BAE0F2A00C2990F /* AuthFlowCoordinator.swift */ = {isa = PBXFileReference; lastKnownFileType = sourcecode.swift; path = AuthFlowCoordinator.swift; sourceTree = "<group>"; };
		272172832BAE0F5100C2990F /* AuthViewController.swift */ = {isa = PBXFileReference; lastKnownFileType = sourcecode.swift; path = AuthViewController.swift; sourceTree = "<group>"; };
		27A18DF92BAEE8D900FF508F /* ModuleFactoryProtocol.swift */ = {isa = PBXFileReference; lastKnownFileType = sourcecode.swift; path = ModuleFactoryProtocol.swift; sourceTree = "<group>"; };
		27A18DFB2BAEE92800FF508F /* ModuleFactory.swift */ = {isa = PBXFileReference; lastKnownFileType = sourcecode.swift; path = ModuleFactory.swift; sourceTree = "<group>"; };
/* End PBXFileReference section */

/* Begin PBXFrameworksBuildPhase section */
		270789622BAE060B00874D60 /* Frameworks */ = {
			isa = PBXFrameworksBuildPhase;
			buildActionMask = 2147483647;
			files = (
				BA1B57012BB02E85004E85DC /* Alamofire in Frameworks */,
				BA1B57032BB02E85004E85DC /* AlamofireDynamic in Frameworks */,
				27A18DFF2BAEFA1200FF508F /* SnapKit in Frameworks */,
				27A18E012BAEFA1200FF508F /* SnapKit-Dynamic in Frameworks */,
			);
			runOnlyForDeploymentPostprocessing = 0;
		};
/* End PBXFrameworksBuildPhase section */

/* Begin PBXGroup section */
		2707895C2BAE060B00874D60 = {
			isa = PBXGroup;
			children = (
				270789672BAE060B00874D60 /* Bookshelf */,
				270789662BAE060B00874D60 /* Products */,
			);
			sourceTree = "<group>";
		};
		270789662BAE060B00874D60 /* Products */ = {
			isa = PBXGroup;
			children = (
				270789652BAE060B00874D60 /* Bookshelf.app */,
			);
			name = Products;
			sourceTree = "<group>";
		};
		270789672BAE060B00874D60 /* Bookshelf */ = {
			isa = PBXGroup;
			children = (
				2707897C2BAE06D000874D60 /* App */,
				272172622BAE07CD00C2990F /* Router */,
				272172612BAE07C600C2990F /* Coordinator */,
				2721727E2BAE0F0500C2990F /* Flows */,
				272172632BAE089800C2990F /* Factories */,
				2707897D2BAE06D600874D60 /* Supporting Files */,
			);
			path = Bookshelf;
			sourceTree = "<group>";
		};
		2707897C2BAE06D000874D60 /* App */ = {
			isa = PBXGroup;
			children = (
				270789682BAE060B00874D60 /* AppDelegate.swift */,
				2707896A2BAE060B00874D60 /* SceneDelegate.swift */,
				272172772BAE0C0900C2990F /* AppCoordinator.swift */,
			);
			path = App;
			sourceTree = "<group>";
		};
		2707897D2BAE06D600874D60 /* Supporting Files */ = {
			isa = PBXGroup;
			children = (
				270789712BAE061000874D60 /* Assets.xcassets */,
				270789732BAE061000874D60 /* LaunchScreen.storyboard */,
				270789762BAE061000874D60 /* Info.plist */,
			);
			path = "Supporting Files";
			sourceTree = "<group>";
		};
		272172612BAE07C600C2990F /* Coordinator */ = {
			isa = PBXGroup;
			children = (
				2721726B2BAE09D100C2990F /* Protocols */,
				272172752BAE0AF800C2990F /* BaseCoordinator.swift */,
			);
			path = Coordinator;
			sourceTree = "<group>";
		};
		272172622BAE07CD00C2990F /* Router */ = {
			isa = PBXGroup;
			children = (
				272172652BAE08BA00C2990F /* RouterProtocol.swift */,
				272172672BAE094300C2990F /* Router.swift */,
			);
			path = Router;
			sourceTree = "<group>";
		};
		272172632BAE089800C2990F /* Factories */ = {
			isa = PBXGroup;
			children = (
				272172642BAE08A300C2990F /* Protocols */,
				2721727C2BAE0C7A00C2990F /* CoordinatorFactory.swift */,
				27A18DFB2BAEE92800FF508F /* ModuleFactory.swift */,
			);
			path = Factories;
			sourceTree = "<group>";
		};
		272172642BAE08A300C2990F /* Protocols */ = {
			isa = PBXGroup;
			children = (
				2721727A2BAE0C3C00C2990F /* CoordinatorFactoryProtocol.swift */,
				27A18DF92BAEE8D900FF508F /* ModuleFactoryProtocol.swift */,
			);
			path = Protocols;
			sourceTree = "<group>";
		};
		2721726B2BAE09D100C2990F /* Protocols */ = {
			isa = PBXGroup;
			children = (
				2721726C2BAE09DB00C2990F /* CoordinatorProtocol.swift */,
				2721726E2BAE0A0500C2990F /* FlowController.swift */,
				272172722BAE0A4300C2990F /* FlowControllerWithValue.swift */,
			);
			path = Protocols;
			sourceTree = "<group>";
		};
		2721727E2BAE0F0500C2990F /* Flows */ = {
			isa = PBXGroup;
			children = (
				2721727F2BAE0F1100C2990F /* Auth */,
			);
			path = Flows;
			sourceTree = "<group>";
		};
		2721727F2BAE0F1100C2990F /* Auth */ = {
			isa = PBXGroup;
			children = (
				272172822BAE0F4400C2990F /* Screen */,
				272172802BAE0F2A00C2990F /* AuthFlowCoordinator.swift */,
			);
			path = Auth;
			sourceTree = "<group>";
		};
		272172822BAE0F4400C2990F /* Screen */ = {
			isa = PBXGroup;
			children = (
				272172832BAE0F5100C2990F /* AuthViewController.swift */,
			);
			path = Screen;
			sourceTree = "<group>";
		};
/* End PBXGroup section */

/* Begin PBXNativeTarget section */
		270789642BAE060B00874D60 /* Bookshelf */ = {
			isa = PBXNativeTarget;
			buildConfigurationList = 270789792BAE061000874D60 /* Build configuration list for PBXNativeTarget "Bookshelf" */;
			buildPhases = (
				270789612BAE060B00874D60 /* Sources */,
				270789622BAE060B00874D60 /* Frameworks */,
				270789632BAE060B00874D60 /* Resources */,
				27A18DF82BAEE66100FF508F /* Swiftlint */,
			);
			buildRules = (
			);
			dependencies = (
			);
			name = Bookshelf;
			packageProductDependencies = (
				27A18DFE2BAEFA1200FF508F /* SnapKit */,
				27A18E002BAEFA1200FF508F /* SnapKit-Dynamic */,
				BA1B57002BB02E85004E85DC /* Alamofire */,
				BA1B57022BB02E85004E85DC /* AlamofireDynamic */,
			);
			productName = Bookshelf;
			productReference = 270789652BAE060B00874D60 /* Bookshelf.app */;
			productType = "com.apple.product-type.application";
		};
/* End PBXNativeTarget section */

/* Begin PBXProject section */
		2707895D2BAE060B00874D60 /* Project object */ = {
			isa = PBXProject;
			attributes = {
				BuildIndependentTargetsInParallel = 1;
				LastSwiftUpdateCheck = 1520;
				LastUpgradeCheck = 1520;
				TargetAttributes = {
					270789642BAE060B00874D60 = {
						CreatedOnToolsVersion = 15.2;
					};
				};
			};
			buildConfigurationList = 270789602BAE060B00874D60 /* Build configuration list for PBXProject "Bookshelf" */;
			compatibilityVersion = "Xcode 14.0";
			developmentRegion = en;
			hasScannedForEncodings = 0;
			knownRegions = (
				en,
				Base,
			);
			mainGroup = 2707895C2BAE060B00874D60;
			packageReferences = (
				27A18DFD2BAEFA1100FF508F /* XCRemoteSwiftPackageReference "SnapKit" */,
				BA1B56FF2BB02E85004E85DC /* XCRemoteSwiftPackageReference "Alamofire" */,
			);
			productRefGroup = 270789662BAE060B00874D60 /* Products */;
			projectDirPath = "";
			projectRoot = "";
			targets = (
				270789642BAE060B00874D60 /* Bookshelf */,
			);
		};
/* End PBXProject section */

/* Begin PBXResourcesBuildPhase section */
		270789632BAE060B00874D60 /* Resources */ = {
			isa = PBXResourcesBuildPhase;
			buildActionMask = 2147483647;
			files = (
				270789752BAE061000874D60 /* LaunchScreen.storyboard in Resources */,
				270789722BAE061000874D60 /* Assets.xcassets in Resources */,
			);
			runOnlyForDeploymentPostprocessing = 0;
		};
/* End PBXResourcesBuildPhase section */

/* Begin PBXShellScriptBuildPhase section */
		27A18DF82BAEE66100FF508F /* Swiftlint */ = {
			isa = PBXShellScriptBuildPhase;
			alwaysOutOfDate = 1;
			buildActionMask = 2147483647;
			files = (
			);
			inputFileListPaths = (
			);
			inputPaths = (
			);
			name = Swiftlint;
			outputFileListPaths = (
			);
			outputPaths = (
			);
			runOnlyForDeploymentPostprocessing = 0;
			shellPath = /bin/sh;
			shellScript = "export PATH=\"$PATH:/opt/homebrew/bin\"\nif which swiftlint >/dev/null; then\n  swiftlint\nelse\n  echo \"error: SwiftLint does not exist, download it from https://github.com/realm/SwiftLint\"\n  exit 1\nfi\n";
			showEnvVarsInLog = 0;
		};
/* End PBXShellScriptBuildPhase section */

/* Begin PBXSourcesBuildPhase section */
		270789612BAE060B00874D60 /* Sources */ = {
			isa = PBXSourcesBuildPhase;
			buildActionMask = 2147483647;
			files = (
				2721726F2BAE0A0500C2990F /* FlowController.swift in Sources */,
				272172762BAE0AF800C2990F /* BaseCoordinator.swift in Sources */,
				272172782BAE0C0900C2990F /* AppCoordinator.swift in Sources */,
				2721727D2BAE0C7A00C2990F /* CoordinatorFactory.swift in Sources */,
				27A18DFA2BAEE8D900FF508F /* ModuleFactoryProtocol.swift in Sources */,
				270789692BAE060B00874D60 /* AppDelegate.swift in Sources */,
				2721726D2BAE09DB00C2990F /* CoordinatorProtocol.swift in Sources */,
				27A18DFC2BAEE92800FF508F /* ModuleFactory.swift in Sources */,
				2721727B2BAE0C3C00C2990F /* CoordinatorFactoryProtocol.swift in Sources */,
				272172682BAE094300C2990F /* Router.swift in Sources */,
				272172812BAE0F2A00C2990F /* AuthFlowCoordinator.swift in Sources */,
				272172842BAE0F5100C2990F /* AuthViewController.swift in Sources */,
				272172732BAE0A4300C2990F /* FlowControllerWithValue.swift in Sources */,
				272172662BAE08BB00C2990F /* RouterProtocol.swift in Sources */,
				2707896B2BAE060B00874D60 /* SceneDelegate.swift in Sources */,
			);
			runOnlyForDeploymentPostprocessing = 0;
		};
/* End PBXSourcesBuildPhase section */

/* Begin PBXVariantGroup section */
		270789732BAE061000874D60 /* LaunchScreen.storyboard */ = {
			isa = PBXVariantGroup;
			children = (
				270789742BAE061000874D60 /* Base */,
			);
			name = LaunchScreen.storyboard;
			sourceTree = "<group>";
		};
/* End PBXVariantGroup section */

/* Begin XCBuildConfiguration section */
		270789772BAE061000874D60 /* Debug */ = {
			isa = XCBuildConfiguration;
			buildSettings = {
				ALWAYS_SEARCH_USER_PATHS = NO;
				ASSETCATALOG_COMPILER_GENERATE_SWIFT_ASSET_SYMBOL_EXTENSIONS = YES;
				CLANG_ANALYZER_NONNULL = YES;
				CLANG_ANALYZER_NUMBER_OBJECT_CONVERSION = YES_AGGRESSIVE;
				CLANG_CXX_LANGUAGE_STANDARD = "gnu++20";
				CLANG_ENABLE_MODULES = YES;
				CLANG_ENABLE_OBJC_ARC = YES;
				CLANG_ENABLE_OBJC_WEAK = YES;
				CLANG_WARN_BLOCK_CAPTURE_AUTORELEASING = YES;
				CLANG_WARN_BOOL_CONVERSION = YES;
				CLANG_WARN_COMMA = YES;
				CLANG_WARN_CONSTANT_CONVERSION = YES;
				CLANG_WARN_DEPRECATED_OBJC_IMPLEMENTATIONS = YES;
				CLANG_WARN_DIRECT_OBJC_ISA_USAGE = YES_ERROR;
				CLANG_WARN_DOCUMENTATION_COMMENTS = YES;
				CLANG_WARN_EMPTY_BODY = YES;
				CLANG_WARN_ENUM_CONVERSION = YES;
				CLANG_WARN_INFINITE_RECURSION = YES;
				CLANG_WARN_INT_CONVERSION = YES;
				CLANG_WARN_NON_LITERAL_NULL_CONVERSION = YES;
				CLANG_WARN_OBJC_IMPLICIT_RETAIN_SELF = YES;
				CLANG_WARN_OBJC_LITERAL_CONVERSION = YES;
				CLANG_WARN_OBJC_ROOT_CLASS = YES_ERROR;
				CLANG_WARN_QUOTED_INCLUDE_IN_FRAMEWORK_HEADER = YES;
				CLANG_WARN_RANGE_LOOP_ANALYSIS = YES;
				CLANG_WARN_STRICT_PROTOTYPES = YES;
				CLANG_WARN_SUSPICIOUS_MOVE = YES;
				CLANG_WARN_UNGUARDED_AVAILABILITY = YES_AGGRESSIVE;
				CLANG_WARN_UNREACHABLE_CODE = YES;
				CLANG_WARN__DUPLICATE_METHOD_MATCH = YES;
				COPY_PHASE_STRIP = NO;
				DEBUG_INFORMATION_FORMAT = dwarf;
				ENABLE_STRICT_OBJC_MSGSEND = YES;
				ENABLE_TESTABILITY = YES;
				ENABLE_USER_SCRIPT_SANDBOXING = NO;
				GCC_C_LANGUAGE_STANDARD = gnu17;
				GCC_DYNAMIC_NO_PIC = NO;
				GCC_NO_COMMON_BLOCKS = YES;
				GCC_OPTIMIZATION_LEVEL = 0;
				GCC_PREPROCESSOR_DEFINITIONS = (
					"DEBUG=1",
					"$(inherited)",
				);
				GCC_WARN_64_TO_32_BIT_CONVERSION = YES;
				GCC_WARN_ABOUT_RETURN_TYPE = YES_ERROR;
				GCC_WARN_UNDECLARED_SELECTOR = YES;
				GCC_WARN_UNINITIALIZED_AUTOS = YES_AGGRESSIVE;
				GCC_WARN_UNUSED_FUNCTION = YES;
				GCC_WARN_UNUSED_VARIABLE = YES;
				IPHONEOS_DEPLOYMENT_TARGET = 17.2;
				LOCALIZATION_PREFERS_STRING_CATALOGS = YES;
				MTL_ENABLE_DEBUG_INFO = INCLUDE_SOURCE;
				MTL_FAST_MATH = YES;
				ONLY_ACTIVE_ARCH = YES;
				SDKROOT = iphoneos;
				SWIFT_ACTIVE_COMPILATION_CONDITIONS = "DEBUG $(inherited)";
				SWIFT_OPTIMIZATION_LEVEL = "-Onone";
			};
			name = Debug;
		};
		270789782BAE061000874D60 /* Release */ = {
			isa = XCBuildConfiguration;
			buildSettings = {
				ALWAYS_SEARCH_USER_PATHS = NO;
				ASSETCATALOG_COMPILER_GENERATE_SWIFT_ASSET_SYMBOL_EXTENSIONS = YES;
				CLANG_ANALYZER_NONNULL = YES;
				CLANG_ANALYZER_NUMBER_OBJECT_CONVERSION = YES_AGGRESSIVE;
				CLANG_CXX_LANGUAGE_STANDARD = "gnu++20";
				CLANG_ENABLE_MODULES = YES;
				CLANG_ENABLE_OBJC_ARC = YES;
				CLANG_ENABLE_OBJC_WEAK = YES;
				CLANG_WARN_BLOCK_CAPTURE_AUTORELEASING = YES;
				CLANG_WARN_BOOL_CONVERSION = YES;
				CLANG_WARN_COMMA = YES;
				CLANG_WARN_CONSTANT_CONVERSION = YES;
				CLANG_WARN_DEPRECATED_OBJC_IMPLEMENTATIONS = YES;
				CLANG_WARN_DIRECT_OBJC_ISA_USAGE = YES_ERROR;
				CLANG_WARN_DOCUMENTATION_COMMENTS = YES;
				CLANG_WARN_EMPTY_BODY = YES;
				CLANG_WARN_ENUM_CONVERSION = YES;
				CLANG_WARN_INFINITE_RECURSION = YES;
				CLANG_WARN_INT_CONVERSION = YES;
				CLANG_WARN_NON_LITERAL_NULL_CONVERSION = YES;
				CLANG_WARN_OBJC_IMPLICIT_RETAIN_SELF = YES;
				CLANG_WARN_OBJC_LITERAL_CONVERSION = YES;
				CLANG_WARN_OBJC_ROOT_CLASS = YES_ERROR;
				CLANG_WARN_QUOTED_INCLUDE_IN_FRAMEWORK_HEADER = YES;
				CLANG_WARN_RANGE_LOOP_ANALYSIS = YES;
				CLANG_WARN_STRICT_PROTOTYPES = YES;
				CLANG_WARN_SUSPICIOUS_MOVE = YES;
				CLANG_WARN_UNGUARDED_AVAILABILITY = YES_AGGRESSIVE;
				CLANG_WARN_UNREACHABLE_CODE = YES;
				CLANG_WARN__DUPLICATE_METHOD_MATCH = YES;
				COPY_PHASE_STRIP = NO;
				DEBUG_INFORMATION_FORMAT = "dwarf-with-dsym";
				ENABLE_NS_ASSERTIONS = NO;
				ENABLE_STRICT_OBJC_MSGSEND = YES;
				ENABLE_USER_SCRIPT_SANDBOXING = NO;
				GCC_C_LANGUAGE_STANDARD = gnu17;
				GCC_NO_COMMON_BLOCKS = YES;
				GCC_WARN_64_TO_32_BIT_CONVERSION = YES;
				GCC_WARN_ABOUT_RETURN_TYPE = YES_ERROR;
				GCC_WARN_UNDECLARED_SELECTOR = YES;
				GCC_WARN_UNINITIALIZED_AUTOS = YES_AGGRESSIVE;
				GCC_WARN_UNUSED_FUNCTION = YES;
				GCC_WARN_UNUSED_VARIABLE = YES;
				IPHONEOS_DEPLOYMENT_TARGET = 17.2;
				LOCALIZATION_PREFERS_STRING_CATALOGS = YES;
				MTL_ENABLE_DEBUG_INFO = NO;
				MTL_FAST_MATH = YES;
				SDKROOT = iphoneos;
				SWIFT_COMPILATION_MODE = wholemodule;
				VALIDATE_PRODUCT = YES;
			};
			name = Release;
		};
		2707897A2BAE061000874D60 /* Debug */ = {
			isa = XCBuildConfiguration;
			buildSettings = {
				ASSETCATALOG_COMPILER_APPICON_NAME = AppIcon;
				ASSETCATALOG_COMPILER_GLOBAL_ACCENT_COLOR_NAME = AccentColor;
				CODE_SIGN_STYLE = Automatic;
				CURRENT_PROJECT_VERSION = 1;
				DEVELOPMENT_TEAM = 6Z768ZM658;
				GENERATE_INFOPLIST_FILE = YES;
				INFOPLIST_FILE = "Bookshelf/Supporting Files/Info.plist";
				INFOPLIST_KEY_UIApplicationSupportsIndirectInputEvents = YES;
				INFOPLIST_KEY_UILaunchStoryboardName = LaunchScreen;
				INFOPLIST_KEY_UISupportedInterfaceOrientations_iPad = "UIInterfaceOrientationPortrait UIInterfaceOrientationPortraitUpsideDown UIInterfaceOrientationLandscapeLeft UIInterfaceOrientationLandscapeRight";
				INFOPLIST_KEY_UISupportedInterfaceOrientations_iPhone = "UIInterfaceOrientationPortrait UIInterfaceOrientationLandscapeLeft UIInterfaceOrientationLandscapeRight";
				LD_RUNPATH_SEARCH_PATHS = (
					"$(inherited)",
					"@executable_path/Frameworks",
				);
				MARKETING_VERSION = 1.0;
				PRODUCT_BUNDLE_IDENTIFIER = "com.DevITIS.1k-mile.Bookshelf";
				PRODUCT_NAME = "$(TARGET_NAME)";
				SWIFT_EMIT_LOC_STRINGS = YES;
				SWIFT_VERSION = 5.0;
				TARGETED_DEVICE_FAMILY = "1,2";
			};
			name = Debug;
		};
		2707897B2BAE061000874D60 /* Release */ = {
			isa = XCBuildConfiguration;
			buildSettings = {
				ASSETCATALOG_COMPILER_APPICON_NAME = AppIcon;
				ASSETCATALOG_COMPILER_GLOBAL_ACCENT_COLOR_NAME = AccentColor;
				CODE_SIGN_STYLE = Automatic;
				CURRENT_PROJECT_VERSION = 1;
				DEVELOPMENT_TEAM = 6Z768ZM658;
				GENERATE_INFOPLIST_FILE = YES;
				INFOPLIST_FILE = "Bookshelf/Supporting Files/Info.plist";
				INFOPLIST_KEY_UIApplicationSupportsIndirectInputEvents = YES;
				INFOPLIST_KEY_UILaunchStoryboardName = LaunchScreen;
				INFOPLIST_KEY_UISupportedInterfaceOrientations_iPad = "UIInterfaceOrientationPortrait UIInterfaceOrientationPortraitUpsideDown UIInterfaceOrientationLandscapeLeft UIInterfaceOrientationLandscapeRight";
				INFOPLIST_KEY_UISupportedInterfaceOrientations_iPhone = "UIInterfaceOrientationPortrait UIInterfaceOrientationLandscapeLeft UIInterfaceOrientationLandscapeRight";
				LD_RUNPATH_SEARCH_PATHS = (
					"$(inherited)",
					"@executable_path/Frameworks",
				);
				MARKETING_VERSION = 1.0;
				PRODUCT_BUNDLE_IDENTIFIER = "com.DevITIS.1k-mile.Bookshelf";
				PRODUCT_NAME = "$(TARGET_NAME)";
				SWIFT_EMIT_LOC_STRINGS = YES;
				SWIFT_VERSION = 5.0;
				TARGETED_DEVICE_FAMILY = "1,2";
			};
			name = Release;
		};
/* End XCBuildConfiguration section */

/* Begin XCConfigurationList section */
		270789602BAE060B00874D60 /* Build configuration list for PBXProject "Bookshelf" */ = {
			isa = XCConfigurationList;
			buildConfigurations = (
				270789772BAE061000874D60 /* Debug */,
				270789782BAE061000874D60 /* Release */,
			);
			defaultConfigurationIsVisible = 0;
			defaultConfigurationName = Release;
		};
		270789792BAE061000874D60 /* Build configuration list for PBXNativeTarget "Bookshelf" */ = {
			isa = XCConfigurationList;
			buildConfigurations = (
				2707897A2BAE061000874D60 /* Debug */,
				2707897B2BAE061000874D60 /* Release */,
			);
			defaultConfigurationIsVisible = 0;
			defaultConfigurationName = Release;
		};
/* End XCConfigurationList section */

/* Begin XCRemoteSwiftPackageReference section */
		27A18DFD2BAEFA1100FF508F /* XCRemoteSwiftPackageReference "SnapKit" */ = {
			isa = XCRemoteSwiftPackageReference;
			repositoryURL = "https://github.com/SnapKit/SnapKit";
			requirement = {
				kind = upToNextMajorVersion;
				minimumVersion = 5.7.1;
			};
		};
		BA1B56FF2BB02E85004E85DC /* XCRemoteSwiftPackageReference "Alamofire" */ = {
			isa = XCRemoteSwiftPackageReference;
			repositoryURL = "https://github.com/Alamofire/Alamofire.git";
			requirement = {
				kind = upToNextMajorVersion;
				minimumVersion = 5.9.0;
			};
		};
/* End XCRemoteSwiftPackageReference section */

/* Begin XCSwiftPackageProductDependency section */
		27A18DFE2BAEFA1200FF508F /* SnapKit */ = {
			isa = XCSwiftPackageProductDependency;
			package = 27A18DFD2BAEFA1100FF508F /* XCRemoteSwiftPackageReference "SnapKit" */;
			productName = SnapKit;
		};
		27A18E002BAEFA1200FF508F /* SnapKit-Dynamic */ = {
			isa = XCSwiftPackageProductDependency;
			package = 27A18DFD2BAEFA1100FF508F /* XCRemoteSwiftPackageReference "SnapKit" */;
			productName = "SnapKit-Dynamic";
		};
		BA1B57002BB02E85004E85DC /* Alamofire */ = {
			isa = XCSwiftPackageProductDependency;
			package = BA1B56FF2BB02E85004E85DC /* XCRemoteSwiftPackageReference "Alamofire" */;
			productName = Alamofire;
		};
		BA1B57022BB02E85004E85DC /* AlamofireDynamic */ = {
			isa = XCSwiftPackageProductDependency;
			package = BA1B56FF2BB02E85004E85DC /* XCRemoteSwiftPackageReference "Alamofire" */;
			productName = AlamofireDynamic;
		};
/* End XCSwiftPackageProductDependency section */
	};
	rootObject = 2707895D2BAE060B00874D60 /* Project object */;
}
