// !$*UTF8*$!
{
	archiveVersion = 1;
	classes = {
	};
	objectVersion = 56;
	objects = {

/* Begin PBXBuildFile section */
		04C997B62BC3F6A800087BEC /* ImageNetworkServiceProtocol.swift in Sources */ = {isa = PBXBuildFile; fileRef = 04C997B52BC3F6A800087BEC /* ImageNetworkServiceProtocol.swift */; };
		04C997B82BC3F76400087BEC /* ImageNetworkService.swift in Sources */ = {isa = PBXBuildFile; fileRef = 04C997B72BC3F76400087BEC /* ImageNetworkService.swift */; };
		04C997C02BC41F2300087BEC /* ImageNetworkServiceMock.swift in Sources */ = {isa = PBXBuildFile; fileRef = 04C997BF2BC41F2300087BEC /* ImageNetworkServiceMock.swift */; };
		04C997C22BC4244C00087BEC /* AuthServiceMock.swift in Sources */ = {isa = PBXBuildFile; fileRef = 04C997C12BC4244C00087BEC /* AuthServiceMock.swift */; };
		04C997C62BC4336F00087BEC /* UserData.swift in Sources */ = {isa = PBXBuildFile; fileRef = 04C997C52BC4336F00087BEC /* UserData.swift */; };
		04C997C82BC433A100087BEC /* UserErrors.swift in Sources */ = {isa = PBXBuildFile; fileRef = 04C997C72BC433A100087BEC /* UserErrors.swift */; };
		0A60B1D02BAFA4DB00CCF145 /* SignUpFlowCoordinator.swift in Sources */ = {isa = PBXBuildFile; fileRef = 0A60B1CF2BAFA4DB00CCF145 /* SignUpFlowCoordinator.swift */; };
		0A60B1D32BAFAF7700CCF145 /* SignUpController.swift in Sources */ = {isa = PBXBuildFile; fileRef = 0A60B1D22BAFAF7700CCF145 /* SignUpController.swift */; };
		0A60B1D52BB07DD500CCF145 /* SignUpViewModel.swift in Sources */ = {isa = PBXBuildFile; fileRef = 0A60B1D42BB07DD500CCF145 /* SignUpViewModel.swift */; };
		0A60B1D72BB0837D00CCF145 /* GoogleService-Info.plist in Resources */ = {isa = PBXBuildFile; fileRef = 0A60B1D62BB0837D00CCF145 /* GoogleService-Info.plist */; };
		0A60B1DA2BB09BD800CCF145 /* TextFieldFactory.swift in Sources */ = {isa = PBXBuildFile; fileRef = 0A60B1D92BB09BD800CCF145 /* TextFieldFactory.swift */; };
		0A60B1DD2BB0A07B00CCF145 /* Observable.swift in Sources */ = {isa = PBXBuildFile; fileRef = 0A60B1DC2BB0A07B00CCF145 /* Observable.swift */; };
		0A60B1E52BB0AAAF00CCF145 /* ValidationServiceProtocol.swift in Sources */ = {isa = PBXBuildFile; fileRef = 0A60B1E42BB0AAAF00CCF145 /* ValidationServiceProtocol.swift */; };
		0A60B1E72BB0AC1600CCF145 /* ValidationService.swift in Sources */ = {isa = PBXBuildFile; fileRef = 0A60B1E62BB0AC1600CCF145 /* ValidationService.swift */; };
		0A60B1E92BB0AFF800CCF145 /* ServiceFactory.swift in Sources */ = {isa = PBXBuildFile; fileRef = 0A60B1E82BB0AFF800CCF145 /* ServiceFactory.swift */; };
		0A60B1EB2BB0B02400CCF145 /* ServiceFactoryProtocol.swift in Sources */ = {isa = PBXBuildFile; fileRef = 0A60B1EA2BB0B02400CCF145 /* ServiceFactoryProtocol.swift */; };
		270789692BAE060B00874D60 /* AppDelegate.swift in Sources */ = {isa = PBXBuildFile; fileRef = 270789682BAE060B00874D60 /* AppDelegate.swift */; };
		2707896B2BAE060B00874D60 /* SceneDelegate.swift in Sources */ = {isa = PBXBuildFile; fileRef = 2707896A2BAE060B00874D60 /* SceneDelegate.swift */; };
		270789722BAE061000874D60 /* Assets.xcassets in Resources */ = {isa = PBXBuildFile; fileRef = 270789712BAE061000874D60 /* Assets.xcassets */; };
		270789752BAE061000874D60 /* LaunchScreen.storyboard in Resources */ = {isa = PBXBuildFile; fileRef = 270789732BAE061000874D60 /* LaunchScreen.storyboard */; };
		270E99DB2BC3F06200D0A259 /* BookshelfSnapshotTests.swift in Sources */ = {isa = PBXBuildFile; fileRef = 270E99DA2BC3F06200D0A259 /* BookshelfSnapshotTests.swift */; };
		270E99DD2BC3F1DA00D0A259 /* SnapshotTesting in Frameworks */ = {isa = PBXBuildFile; productRef = 270E99DC2BC3F1DA00D0A259 /* SnapshotTesting */; };
		272172662BAE08BB00C2990F /* RouterProtocol.swift in Sources */ = {isa = PBXBuildFile; fileRef = 272172652BAE08BA00C2990F /* RouterProtocol.swift */; };
		272172682BAE094300C2990F /* Router.swift in Sources */ = {isa = PBXBuildFile; fileRef = 272172672BAE094300C2990F /* Router.swift */; };
		2721726D2BAE09DB00C2990F /* CoordinatorProtocol.swift in Sources */ = {isa = PBXBuildFile; fileRef = 2721726C2BAE09DB00C2990F /* CoordinatorProtocol.swift */; };
		2721726F2BAE0A0500C2990F /* FlowController.swift in Sources */ = {isa = PBXBuildFile; fileRef = 2721726E2BAE0A0500C2990F /* FlowController.swift */; };
		272172732BAE0A4300C2990F /* FlowControllerWithValue.swift in Sources */ = {isa = PBXBuildFile; fileRef = 272172722BAE0A4300C2990F /* FlowControllerWithValue.swift */; };
		272172762BAE0AF800C2990F /* BaseCoordinator.swift in Sources */ = {isa = PBXBuildFile; fileRef = 272172752BAE0AF800C2990F /* BaseCoordinator.swift */; };
		272172782BAE0C0900C2990F /* AppCoordinator.swift in Sources */ = {isa = PBXBuildFile; fileRef = 272172772BAE0C0900C2990F /* AppCoordinator.swift */; };
		272172812BAE0F2A00C2990F /* AuthFlowCoordinator.swift in Sources */ = {isa = PBXBuildFile; fileRef = 272172802BAE0F2A00C2990F /* AuthFlowCoordinator.swift */; };
		272172842BAE0F5100C2990F /* AuthViewController.swift in Sources */ = {isa = PBXBuildFile; fileRef = 272172832BAE0F5100C2990F /* AuthViewController.swift */; };
		2733750F2BB1AA5600191795 /* SnapKit in Frameworks */ = {isa = PBXBuildFile; productRef = 2733750E2BB1AA5600191795 /* SnapKit */; };
		273375232BB1AC1300191795 /* FirebaseAuth in Frameworks */ = {isa = PBXBuildFile; productRef = 273375222BB1AC1300191795 /* FirebaseAuth */; };
		273375252BB1AC1300191795 /* FirebaseFirestore in Frameworks */ = {isa = PBXBuildFile; productRef = 273375242BB1AC1300191795 /* FirebaseFirestore */; };
		277EF7F62C038ACA00643DC2 /* LibrarySUIView.swift in Sources */ = {isa = PBXBuildFile; fileRef = 277EF7F52C038ACA00643DC2 /* LibrarySUIView.swift */; };
		277EF7FA2C038BBE00643DC2 /* LibraryViewModel.swift in Sources */ = {isa = PBXBuildFile; fileRef = 277EF7F92C038BBE00643DC2 /* LibraryViewModel.swift */; };
		277EF7FD2C038D5800643DC2 /* CombineMoya in Frameworks */ = {isa = PBXBuildFile; productRef = 277EF7FC2C038D5800643DC2 /* CombineMoya */; };
		277EF7FF2C038D5800643DC2 /* Moya in Frameworks */ = {isa = PBXBuildFile; productRef = 277EF7FE2C038D5800643DC2 /* Moya */; };
		277EF8012C038D5800643DC2 /* ReactiveMoya in Frameworks */ = {isa = PBXBuildFile; productRef = 277EF8002C038D5800643DC2 /* ReactiveMoya */; };
		277EF8032C038D5800643DC2 /* RxMoya in Frameworks */ = {isa = PBXBuildFile; productRef = 277EF8022C038D5800643DC2 /* RxMoya */; };
		277EF8052C038DBC00643DC2 /* APITarget.swift in Sources */ = {isa = PBXBuildFile; fileRef = 277EF8042C038DBC00643DC2 /* APITarget.swift */; };
		277EF8082C038FB700643DC2 /* BookApiModel.swift in Sources */ = {isa = PBXBuildFile; fileRef = 277EF8072C038FB700643DC2 /* BookApiModel.swift */; };
		277EF80A2C03905700643DC2 /* BookFromApi.swift in Sources */ = {isa = PBXBuildFile; fileRef = 277EF8092C03905700643DC2 /* BookFromApi.swift */; };
		277EF80C2C03907600643DC2 /* Author.swift in Sources */ = {isa = PBXBuildFile; fileRef = 277EF80B2C03907600643DC2 /* Author.swift */; };
		277EF80E2C03908300643DC2 /* Formats.swift in Sources */ = {isa = PBXBuildFile; fileRef = 277EF80D2C03908300643DC2 /* Formats.swift */; };
		277EF8102C0390A500643DC2 /* NetworkingServiceProtocol.swift in Sources */ = {isa = PBXBuildFile; fileRef = 277EF80F2C0390A500643DC2 /* NetworkingServiceProtocol.swift */; };
		277EF8122C03910900643DC2 /* NetworkingService.swift in Sources */ = {isa = PBXBuildFile; fileRef = 277EF8112C03910900643DC2 /* NetworkingService.swift */; };
		277EF8142C03964100643DC2 /* BookSUIViewCell.swift in Sources */ = {isa = PBXBuildFile; fileRef = 277EF8132C03964100643DC2 /* BookSUIViewCell.swift */; };
		277EF8182C039C3500643DC2 /* SDWebImageSwiftUI in Frameworks */ = {isa = PBXBuildFile; productRef = 277EF8172C039C3500643DC2 /* SDWebImageSwiftUI */; };
		278309C22BC308650096F9AE /* BookshelfUITests.swift in Sources */ = {isa = PBXBuildFile; fileRef = 278309C12BC308650096F9AE /* BookshelfUITests.swift */; };
		278309D12BC3089E0096F9AE /* BookshelfUnitTests.swift in Sources */ = {isa = PBXBuildFile; fileRef = 278309D02BC3089E0096F9AE /* BookshelfUnitTests.swift */; };
		27A18DFA2BAEE8D900FF508F /* ModuleFactoryProtocol.swift in Sources */ = {isa = PBXBuildFile; fileRef = 27A18DF92BAEE8D900FF508F /* ModuleFactoryProtocol.swift */; };
		27C261012BC32BC800F2EB10 /* MockAppCoordinator.swift in Sources */ = {isa = PBXBuildFile; fileRef = 27C261002BC32BC800F2EB10 /* MockAppCoordinator.swift */; };
		27C261032BC32C8400F2EB10 /* MockAdditionalCoordinator.swift in Sources */ = {isa = PBXBuildFile; fileRef = 27C261022BC32C8400F2EB10 /* MockAdditionalCoordinator.swift */; };
		27C261052BC32D4900F2EB10 /* MockEmptyViewController.swift in Sources */ = {isa = PBXBuildFile; fileRef = 27C261042BC32D4900F2EB10 /* MockEmptyViewController.swift */; };
		27C261082BC32E6700F2EB10 /* MockWithValueVIewController.swift in Sources */ = {isa = PBXBuildFile; fileRef = 27C261072BC32E6700F2EB10 /* MockWithValueVIewController.swift */; };
		27FE4E6E2BB1B600008C038E /* ModuleFactory.swift in Sources */ = {isa = PBXBuildFile; fileRef = 27FE4E6A2BB1B600008C038E /* ModuleFactory.swift */; };
		27FE4E6F2BB1B600008C038E /* LabelFactory.swift in Sources */ = {isa = PBXBuildFile; fileRef = 27FE4E6B2BB1B600008C038E /* LabelFactory.swift */; };
		27FE4E702BB1B600008C038E /* CoordinatorFactory.swift in Sources */ = {isa = PBXBuildFile; fileRef = 27FE4E6C2BB1B600008C038E /* CoordinatorFactory.swift */; };
		27FE4E712BB1B600008C038E /* ButtonFactory.swift in Sources */ = {isa = PBXBuildFile; fileRef = 27FE4E6D2BB1B600008C038E /* ButtonFactory.swift */; };
		27FE4E812BB1B663008C038E /* SignInViewModel.swift in Sources */ = {isa = PBXBuildFile; fileRef = 27FE4E7F2BB1B663008C038E /* SignInViewModel.swift */; };
		27FE4E822BB1B663008C038E /* SignInViewController.swift in Sources */ = {isa = PBXBuildFile; fileRef = 27FE4E802BB1B663008C038E /* SignInViewController.swift */; };
		27FE4E842BB1B66A008C038E /* SignInFlowCoordinator.swift in Sources */ = {isa = PBXBuildFile; fileRef = 27FE4E832BB1B66A008C038E /* SignInFlowCoordinator.swift */; };
		27FE4E882BB1B675008C038E /* TabBarCoordinator.swift in Sources */ = {isa = PBXBuildFile; fileRef = 27FE4E852BB1B675008C038E /* TabBarCoordinator.swift */; };
		27FE4E892BB1B675008C038E /* TabBarDelegateProtocol.swift in Sources */ = {isa = PBXBuildFile; fileRef = 27FE4E862BB1B675008C038E /* TabBarDelegateProtocol.swift */; };
		27FE4E8A2BB1B675008C038E /* TabBarViewController.swift in Sources */ = {isa = PBXBuildFile; fileRef = 27FE4E872BB1B675008C038E /* TabBarViewController.swift */; };
		27FE4E932BB1B6C0008C038E /* LibraryCoordinator.swift in Sources */ = {isa = PBXBuildFile; fileRef = 27FE4E922BB1B6C0008C038E /* LibraryCoordinator.swift */; };
		27FE4E952BB1B6C8008C038E /* ProfileCoordinator.swift in Sources */ = {isa = PBXBuildFile; fileRef = 27FE4E942BB1B6C8008C038E /* ProfileCoordinator.swift */; };
		27FE4E972BB1B6CD008C038E /* RecomendationsCoordinator.swift in Sources */ = {isa = PBXBuildFile; fileRef = 27FE4E962BB1B6CD008C038E /* RecomendationsCoordinator.swift */; };
		27FE4E9E2BB1B6DD008C038E /* RecomendationsViewModel.swift in Sources */ = {isa = PBXBuildFile; fileRef = 27FE4E9C2BB1B6DD008C038E /* RecomendationsViewModel.swift */; };
		27FE4E9F2BB1B6DD008C038E /* RecomendationsViewController.swift in Sources */ = {isa = PBXBuildFile; fileRef = 27FE4E9D2BB1B6DD008C038E /* RecomendationsViewController.swift */; };
		27FE4EA22BB1B6E6008C038E /* ProfileViewController.swift in Sources */ = {isa = PBXBuildFile; fileRef = 27FE4EA02BB1B6E6008C038E /* ProfileViewController.swift */; };
		27FE4EA32BB1B6E6008C038E /* ProfileViewModel.swift in Sources */ = {isa = PBXBuildFile; fileRef = 27FE4EA12BB1B6E6008C038E /* ProfileViewModel.swift */; };
		27FE4EAA2BB1B79F008C038E /* CoordinatorFactoryProtocol.swift in Sources */ = {isa = PBXBuildFile; fileRef = 27FE4EA52BB1B79F008C038E /* CoordinatorFactoryProtocol.swift */; };
		27FE4EAB2BB1B79F008C038E /* LabelFactoryProtocol.swift in Sources */ = {isa = PBXBuildFile; fileRef = 27FE4EA62BB1B79F008C038E /* LabelFactoryProtocol.swift */; };
		27FE4EAC2BB1B79F008C038E /* ButtonFactoryProtocol.swift in Sources */ = {isa = PBXBuildFile; fileRef = 27FE4EA72BB1B79F008C038E /* ButtonFactoryProtocol.swift */; };
		27FE4EAF2BB1B7DE008C038E /* URLBuilder.swift in Sources */ = {isa = PBXBuildFile; fileRef = 27FE4EAE2BB1B7DE008C038E /* URLBuilder.swift */; };
		BA3D1E7E2BC3DD3D0079FCB9 /* AuthServiceProtocol.swift in Sources */ = {isa = PBXBuildFile; fileRef = BA3D1E7D2BC3DD3D0079FCB9 /* AuthServiceProtocol.swift */; };
		BA3D1E802BC3DDA40079FCB9 /* AuthService.swift in Sources */ = {isa = PBXBuildFile; fileRef = BA3D1E7F2BC3DDA40079FCB9 /* AuthService.swift */; };
		BADDEF0C2C03875D00288585 /* EditProfileView.swift in Sources */ = {isa = PBXBuildFile; fileRef = BADDEF0B2C03875D00288585 /* EditProfileView.swift */; };
		BADDEF0E2C03944B00288585 /* EditProfileVIewModel.swift in Sources */ = {isa = PBXBuildFile; fileRef = BADDEF0D2C03944B00288585 /* EditProfileVIewModel.swift */; };
		BADDEF112C0399FC00288585 /* CoreData.xcdatamodeld in Sources */ = {isa = PBXBuildFile; fileRef = BADDEF0F2C0399FC00288585 /* CoreData.xcdatamodeld */; };
		BADDEF162C039B0000288585 /* UserCoreData+CoreDataClass.swift in Sources */ = {isa = PBXBuildFile; fileRef = BADDEF142C039B0000288585 /* UserCoreData+CoreDataClass.swift */; };
		BADDEF172C039B0000288585 /* UserCoreData+CoreDataProperties.swift in Sources */ = {isa = PBXBuildFile; fileRef = BADDEF152C039B0000288585 /* UserCoreData+CoreDataProperties.swift */; };
		BADDEF192C039BA200288585 /* CoreDataServiceProtocol.swift in Sources */ = {isa = PBXBuildFile; fileRef = BADDEF182C039BA200288585 /* CoreDataServiceProtocol.swift */; };
		BADDEF1B2C039BC700288585 /* UserModel.swift in Sources */ = {isa = PBXBuildFile; fileRef = BADDEF1A2C039BC700288585 /* UserModel.swift */; };
		BADDEF1D2C039BF600288585 /* CoreDataService.swift in Sources */ = {isa = PBXBuildFile; fileRef = BADDEF1C2C039BF600288585 /* CoreDataService.swift */; };
/* End PBXBuildFile section */

/* Begin PBXContainerItemProxy section */
		278309C52BC308650096F9AE /* PBXContainerItemProxy */ = {
			isa = PBXContainerItemProxy;
			containerPortal = 2707895D2BAE060B00874D60 /* Project object */;
			proxyType = 1;
			remoteGlobalIDString = 270789642BAE060B00874D60;
			remoteInfo = Bookshelf;
		};
		278309D22BC3089E0096F9AE /* PBXContainerItemProxy */ = {
			isa = PBXContainerItemProxy;
			containerPortal = 2707895D2BAE060B00874D60 /* Project object */;
			proxyType = 1;
			remoteGlobalIDString = 270789642BAE060B00874D60;
			remoteInfo = Bookshelf;
		};
/* End PBXContainerItemProxy section */

/* Begin PBXCopyFilesBuildPhase section */
		27ABC3462C02071C00CAF20A /* Embed Frameworks */ = {
			isa = PBXCopyFilesBuildPhase;
			buildActionMask = 2147483647;
			dstPath = "";
			dstSubfolderSpec = 10;
			files = (
			);
			name = "Embed Frameworks";
			runOnlyForDeploymentPostprocessing = 0;
		};
/* End PBXCopyFilesBuildPhase section */

/* Begin PBXFileReference section */
		04C997B52BC3F6A800087BEC /* ImageNetworkServiceProtocol.swift */ = {isa = PBXFileReference; lastKnownFileType = sourcecode.swift; path = ImageNetworkServiceProtocol.swift; sourceTree = "<group>"; };
		04C997B72BC3F76400087BEC /* ImageNetworkService.swift */ = {isa = PBXFileReference; lastKnownFileType = sourcecode.swift; path = ImageNetworkService.swift; sourceTree = "<group>"; };
		04C997BF2BC41F2300087BEC /* ImageNetworkServiceMock.swift */ = {isa = PBXFileReference; lastKnownFileType = sourcecode.swift; path = ImageNetworkServiceMock.swift; sourceTree = "<group>"; };
		04C997C12BC4244C00087BEC /* AuthServiceMock.swift */ = {isa = PBXFileReference; lastKnownFileType = sourcecode.swift; path = AuthServiceMock.swift; sourceTree = "<group>"; };
		04C997C52BC4336F00087BEC /* UserData.swift */ = {isa = PBXFileReference; lastKnownFileType = sourcecode.swift; path = UserData.swift; sourceTree = "<group>"; };
		04C997C72BC433A100087BEC /* UserErrors.swift */ = {isa = PBXFileReference; lastKnownFileType = sourcecode.swift; path = UserErrors.swift; sourceTree = "<group>"; };
		0A60B1CF2BAFA4DB00CCF145 /* SignUpFlowCoordinator.swift */ = {isa = PBXFileReference; lastKnownFileType = sourcecode.swift; path = SignUpFlowCoordinator.swift; sourceTree = "<group>"; };
		0A60B1D22BAFAF7700CCF145 /* SignUpController.swift */ = {isa = PBXFileReference; lastKnownFileType = sourcecode.swift; path = SignUpController.swift; sourceTree = "<group>"; };
		0A60B1D42BB07DD500CCF145 /* SignUpViewModel.swift */ = {isa = PBXFileReference; lastKnownFileType = sourcecode.swift; path = SignUpViewModel.swift; sourceTree = "<group>"; };
		0A60B1D62BB0837D00CCF145 /* GoogleService-Info.plist */ = {isa = PBXFileReference; fileEncoding = 4; lastKnownFileType = text.plist.xml; path = "GoogleService-Info.plist"; sourceTree = "<group>"; };
		0A60B1D92BB09BD800CCF145 /* TextFieldFactory.swift */ = {isa = PBXFileReference; lastKnownFileType = sourcecode.swift; path = TextFieldFactory.swift; sourceTree = "<group>"; };
		0A60B1DC2BB0A07B00CCF145 /* Observable.swift */ = {isa = PBXFileReference; lastKnownFileType = sourcecode.swift; path = Observable.swift; sourceTree = "<group>"; };
		0A60B1E42BB0AAAF00CCF145 /* ValidationServiceProtocol.swift */ = {isa = PBXFileReference; lastKnownFileType = sourcecode.swift; path = ValidationServiceProtocol.swift; sourceTree = "<group>"; };
		0A60B1E62BB0AC1600CCF145 /* ValidationService.swift */ = {isa = PBXFileReference; lastKnownFileType = sourcecode.swift; path = ValidationService.swift; sourceTree = "<group>"; };
		0A60B1E82BB0AFF800CCF145 /* ServiceFactory.swift */ = {isa = PBXFileReference; lastKnownFileType = sourcecode.swift; path = ServiceFactory.swift; sourceTree = "<group>"; };
		0A60B1EA2BB0B02400CCF145 /* ServiceFactoryProtocol.swift */ = {isa = PBXFileReference; lastKnownFileType = sourcecode.swift; path = ServiceFactoryProtocol.swift; sourceTree = "<group>"; };
		270789652BAE060B00874D60 /* Bookshelf.app */ = {isa = PBXFileReference; explicitFileType = wrapper.application; includeInIndex = 0; path = Bookshelf.app; sourceTree = BUILT_PRODUCTS_DIR; };
		270789682BAE060B00874D60 /* AppDelegate.swift */ = {isa = PBXFileReference; lastKnownFileType = sourcecode.swift; path = AppDelegate.swift; sourceTree = "<group>"; };
		2707896A2BAE060B00874D60 /* SceneDelegate.swift */ = {isa = PBXFileReference; lastKnownFileType = sourcecode.swift; path = SceneDelegate.swift; sourceTree = "<group>"; };
		270789712BAE061000874D60 /* Assets.xcassets */ = {isa = PBXFileReference; lastKnownFileType = folder.assetcatalog; path = Assets.xcassets; sourceTree = "<group>"; };
		270789742BAE061000874D60 /* Base */ = {isa = PBXFileReference; lastKnownFileType = file.storyboard; name = Base; path = Base.lproj/LaunchScreen.storyboard; sourceTree = "<group>"; };
		270789762BAE061000874D60 /* Info.plist */ = {isa = PBXFileReference; lastKnownFileType = text.plist.xml; path = Info.plist; sourceTree = "<group>"; };
		270E99DA2BC3F06200D0A259 /* BookshelfSnapshotTests.swift */ = {isa = PBXFileReference; lastKnownFileType = sourcecode.swift; path = BookshelfSnapshotTests.swift; sourceTree = "<group>"; };
		272172652BAE08BA00C2990F /* RouterProtocol.swift */ = {isa = PBXFileReference; lastKnownFileType = sourcecode.swift; path = RouterProtocol.swift; sourceTree = "<group>"; };
		272172672BAE094300C2990F /* Router.swift */ = {isa = PBXFileReference; lastKnownFileType = sourcecode.swift; path = Router.swift; sourceTree = "<group>"; };
		2721726C2BAE09DB00C2990F /* CoordinatorProtocol.swift */ = {isa = PBXFileReference; lastKnownFileType = sourcecode.swift; path = CoordinatorProtocol.swift; sourceTree = "<group>"; };
		2721726E2BAE0A0500C2990F /* FlowController.swift */ = {isa = PBXFileReference; lastKnownFileType = sourcecode.swift; path = FlowController.swift; sourceTree = "<group>"; };
		272172722BAE0A4300C2990F /* FlowControllerWithValue.swift */ = {isa = PBXFileReference; lastKnownFileType = sourcecode.swift; path = FlowControllerWithValue.swift; sourceTree = "<group>"; };
		272172752BAE0AF800C2990F /* BaseCoordinator.swift */ = {isa = PBXFileReference; lastKnownFileType = sourcecode.swift; path = BaseCoordinator.swift; sourceTree = "<group>"; };
		272172772BAE0C0900C2990F /* AppCoordinator.swift */ = {isa = PBXFileReference; lastKnownFileType = sourcecode.swift; path = AppCoordinator.swift; sourceTree = "<group>"; };
		272172802BAE0F2A00C2990F /* AuthFlowCoordinator.swift */ = {isa = PBXFileReference; lastKnownFileType = sourcecode.swift; path = AuthFlowCoordinator.swift; sourceTree = "<group>"; };
		272172832BAE0F5100C2990F /* AuthViewController.swift */ = {isa = PBXFileReference; lastKnownFileType = sourcecode.swift; path = AuthViewController.swift; sourceTree = "<group>"; };
		2765695D2BC3D92D00B0323E /* Bookshelf.xcodeproj */ = {isa = PBXFileReference; lastKnownFileType = "wrapper.pb-project"; path = Bookshelf.xcodeproj; sourceTree = "<group>"; };
		277EF7F52C038ACA00643DC2 /* LibrarySUIView.swift */ = {isa = PBXFileReference; lastKnownFileType = sourcecode.swift; path = LibrarySUIView.swift; sourceTree = "<group>"; };
		277EF7F92C038BBE00643DC2 /* LibraryViewModel.swift */ = {isa = PBXFileReference; lastKnownFileType = sourcecode.swift; path = LibraryViewModel.swift; sourceTree = "<group>"; };
		277EF8042C038DBC00643DC2 /* APITarget.swift */ = {isa = PBXFileReference; lastKnownFileType = sourcecode.swift; path = APITarget.swift; sourceTree = "<group>"; };
		277EF8072C038FB700643DC2 /* BookApiModel.swift */ = {isa = PBXFileReference; lastKnownFileType = sourcecode.swift; path = BookApiModel.swift; sourceTree = "<group>"; };
		277EF8092C03905700643DC2 /* BookFromApi.swift */ = {isa = PBXFileReference; lastKnownFileType = sourcecode.swift; path = BookFromApi.swift; sourceTree = "<group>"; };
		277EF80B2C03907600643DC2 /* Author.swift */ = {isa = PBXFileReference; lastKnownFileType = sourcecode.swift; path = Author.swift; sourceTree = "<group>"; };
		277EF80D2C03908300643DC2 /* Formats.swift */ = {isa = PBXFileReference; lastKnownFileType = sourcecode.swift; path = Formats.swift; sourceTree = "<group>"; };
		277EF80F2C0390A500643DC2 /* NetworkingServiceProtocol.swift */ = {isa = PBXFileReference; lastKnownFileType = sourcecode.swift; path = NetworkingServiceProtocol.swift; sourceTree = "<group>"; };
		277EF8112C03910900643DC2 /* NetworkingService.swift */ = {isa = PBXFileReference; lastKnownFileType = sourcecode.swift; path = NetworkingService.swift; sourceTree = "<group>"; };
		277EF8132C03964100643DC2 /* BookSUIViewCell.swift */ = {isa = PBXFileReference; lastKnownFileType = sourcecode.swift; path = BookSUIViewCell.swift; sourceTree = "<group>"; };
		278309BF2BC308650096F9AE /* BookshelfUITests.xctest */ = {isa = PBXFileReference; explicitFileType = wrapper.cfbundle; includeInIndex = 0; path = BookshelfUITests.xctest; sourceTree = BUILT_PRODUCTS_DIR; };
		278309C12BC308650096F9AE /* BookshelfUITests.swift */ = {isa = PBXFileReference; lastKnownFileType = sourcecode.swift; path = BookshelfUITests.swift; sourceTree = "<group>"; };
		278309CE2BC3089E0096F9AE /* BookshelfUnitTests.xctest */ = {isa = PBXFileReference; explicitFileType = wrapper.cfbundle; includeInIndex = 0; path = BookshelfUnitTests.xctest; sourceTree = BUILT_PRODUCTS_DIR; };
		278309D02BC3089E0096F9AE /* BookshelfUnitTests.swift */ = {isa = PBXFileReference; lastKnownFileType = sourcecode.swift; path = BookshelfUnitTests.swift; sourceTree = "<group>"; };
		27A18DF92BAEE8D900FF508F /* ModuleFactoryProtocol.swift */ = {isa = PBXFileReference; lastKnownFileType = sourcecode.swift; path = ModuleFactoryProtocol.swift; sourceTree = "<group>"; };
		27C261002BC32BC800F2EB10 /* MockAppCoordinator.swift */ = {isa = PBXFileReference; lastKnownFileType = sourcecode.swift; path = MockAppCoordinator.swift; sourceTree = "<group>"; };
		27C261022BC32C8400F2EB10 /* MockAdditionalCoordinator.swift */ = {isa = PBXFileReference; lastKnownFileType = sourcecode.swift; path = MockAdditionalCoordinator.swift; sourceTree = "<group>"; };
		27C261042BC32D4900F2EB10 /* MockEmptyViewController.swift */ = {isa = PBXFileReference; lastKnownFileType = sourcecode.swift; path = MockEmptyViewController.swift; sourceTree = "<group>"; };
		27C261072BC32E6700F2EB10 /* MockWithValueVIewController.swift */ = {isa = PBXFileReference; lastKnownFileType = sourcecode.swift; path = MockWithValueVIewController.swift; sourceTree = "<group>"; };
		27FE4E6A2BB1B600008C038E /* ModuleFactory.swift */ = {isa = PBXFileReference; fileEncoding = 4; lastKnownFileType = sourcecode.swift; path = ModuleFactory.swift; sourceTree = "<group>"; };
		27FE4E6B2BB1B600008C038E /* LabelFactory.swift */ = {isa = PBXFileReference; fileEncoding = 4; lastKnownFileType = sourcecode.swift; path = LabelFactory.swift; sourceTree = "<group>"; };
		27FE4E6C2BB1B600008C038E /* CoordinatorFactory.swift */ = {isa = PBXFileReference; fileEncoding = 4; lastKnownFileType = sourcecode.swift; path = CoordinatorFactory.swift; sourceTree = "<group>"; };
		27FE4E6D2BB1B600008C038E /* ButtonFactory.swift */ = {isa = PBXFileReference; fileEncoding = 4; lastKnownFileType = sourcecode.swift; path = ButtonFactory.swift; sourceTree = "<group>"; };
		27FE4E7F2BB1B663008C038E /* SignInViewModel.swift */ = {isa = PBXFileReference; fileEncoding = 4; lastKnownFileType = sourcecode.swift; path = SignInViewModel.swift; sourceTree = "<group>"; };
		27FE4E802BB1B663008C038E /* SignInViewController.swift */ = {isa = PBXFileReference; fileEncoding = 4; lastKnownFileType = sourcecode.swift; path = SignInViewController.swift; sourceTree = "<group>"; };
		27FE4E832BB1B66A008C038E /* SignInFlowCoordinator.swift */ = {isa = PBXFileReference; fileEncoding = 4; lastKnownFileType = sourcecode.swift; path = SignInFlowCoordinator.swift; sourceTree = "<group>"; };
		27FE4E852BB1B675008C038E /* TabBarCoordinator.swift */ = {isa = PBXFileReference; fileEncoding = 4; lastKnownFileType = sourcecode.swift; path = TabBarCoordinator.swift; sourceTree = "<group>"; };
		27FE4E862BB1B675008C038E /* TabBarDelegateProtocol.swift */ = {isa = PBXFileReference; fileEncoding = 4; lastKnownFileType = sourcecode.swift; path = TabBarDelegateProtocol.swift; sourceTree = "<group>"; };
		27FE4E872BB1B675008C038E /* TabBarViewController.swift */ = {isa = PBXFileReference; fileEncoding = 4; lastKnownFileType = sourcecode.swift; path = TabBarViewController.swift; sourceTree = "<group>"; };
		27FE4E922BB1B6C0008C038E /* LibraryCoordinator.swift */ = {isa = PBXFileReference; fileEncoding = 4; lastKnownFileType = sourcecode.swift; path = LibraryCoordinator.swift; sourceTree = "<group>"; };
		27FE4E942BB1B6C8008C038E /* ProfileCoordinator.swift */ = {isa = PBXFileReference; fileEncoding = 4; lastKnownFileType = sourcecode.swift; path = ProfileCoordinator.swift; sourceTree = "<group>"; };
		27FE4E962BB1B6CD008C038E /* RecomendationsCoordinator.swift */ = {isa = PBXFileReference; fileEncoding = 4; lastKnownFileType = sourcecode.swift; path = RecomendationsCoordinator.swift; sourceTree = "<group>"; };
		27FE4E9C2BB1B6DD008C038E /* RecomendationsViewModel.swift */ = {isa = PBXFileReference; fileEncoding = 4; lastKnownFileType = sourcecode.swift; path = RecomendationsViewModel.swift; sourceTree = "<group>"; };
		27FE4E9D2BB1B6DD008C038E /* RecomendationsViewController.swift */ = {isa = PBXFileReference; fileEncoding = 4; lastKnownFileType = sourcecode.swift; path = RecomendationsViewController.swift; sourceTree = "<group>"; };
		27FE4EA02BB1B6E6008C038E /* ProfileViewController.swift */ = {isa = PBXFileReference; fileEncoding = 4; lastKnownFileType = sourcecode.swift; path = ProfileViewController.swift; sourceTree = "<group>"; };
		27FE4EA12BB1B6E6008C038E /* ProfileViewModel.swift */ = {isa = PBXFileReference; fileEncoding = 4; lastKnownFileType = sourcecode.swift; path = ProfileViewModel.swift; sourceTree = "<group>"; };
		27FE4EA52BB1B79F008C038E /* CoordinatorFactoryProtocol.swift */ = {isa = PBXFileReference; fileEncoding = 4; lastKnownFileType = sourcecode.swift; path = CoordinatorFactoryProtocol.swift; sourceTree = "<group>"; };
		27FE4EA62BB1B79F008C038E /* LabelFactoryProtocol.swift */ = {isa = PBXFileReference; fileEncoding = 4; lastKnownFileType = sourcecode.swift; path = LabelFactoryProtocol.swift; sourceTree = "<group>"; };
		27FE4EA72BB1B79F008C038E /* ButtonFactoryProtocol.swift */ = {isa = PBXFileReference; fileEncoding = 4; lastKnownFileType = sourcecode.swift; path = ButtonFactoryProtocol.swift; sourceTree = "<group>"; };
		27FE4EAE2BB1B7DE008C038E /* URLBuilder.swift */ = {isa = PBXFileReference; fileEncoding = 4; lastKnownFileType = sourcecode.swift; path = URLBuilder.swift; sourceTree = "<group>"; };
		BA3D1E7D2BC3DD3D0079FCB9 /* AuthServiceProtocol.swift */ = {isa = PBXFileReference; lastKnownFileType = sourcecode.swift; path = AuthServiceProtocol.swift; sourceTree = "<group>"; };
		BA3D1E7F2BC3DDA40079FCB9 /* AuthService.swift */ = {isa = PBXFileReference; lastKnownFileType = sourcecode.swift; path = AuthService.swift; sourceTree = "<group>"; };
		BADDEF0B2C03875D00288585 /* EditProfileView.swift */ = {isa = PBXFileReference; lastKnownFileType = sourcecode.swift; path = EditProfileView.swift; sourceTree = "<group>"; };
		BADDEF0D2C03944B00288585 /* EditProfileVIewModel.swift */ = {isa = PBXFileReference; lastKnownFileType = sourcecode.swift; path = EditProfileVIewModel.swift; sourceTree = "<group>"; };
		BADDEF102C0399FC00288585 /* CoreData.xcdatamodel */ = {isa = PBXFileReference; lastKnownFileType = wrapper.xcdatamodel; path = CoreData.xcdatamodel; sourceTree = "<group>"; };
		BADDEF142C039B0000288585 /* UserCoreData+CoreDataClass.swift */ = {isa = PBXFileReference; lastKnownFileType = sourcecode.swift; path = "UserCoreData+CoreDataClass.swift"; sourceTree = "<group>"; };
		BADDEF152C039B0000288585 /* UserCoreData+CoreDataProperties.swift */ = {isa = PBXFileReference; lastKnownFileType = sourcecode.swift; path = "UserCoreData+CoreDataProperties.swift"; sourceTree = "<group>"; };
		BADDEF182C039BA200288585 /* CoreDataServiceProtocol.swift */ = {isa = PBXFileReference; lastKnownFileType = sourcecode.swift; path = CoreDataServiceProtocol.swift; sourceTree = "<group>"; };
		BADDEF1A2C039BC700288585 /* UserModel.swift */ = {isa = PBXFileReference; lastKnownFileType = sourcecode.swift; path = UserModel.swift; sourceTree = "<group>"; };
		BADDEF1C2C039BF600288585 /* CoreDataService.swift */ = {isa = PBXFileReference; lastKnownFileType = sourcecode.swift; path = CoreDataService.swift; sourceTree = "<group>"; };
/* End PBXFileReference section */

/* Begin PBXFrameworksBuildPhase section */
		270789622BAE060B00874D60 /* Frameworks */ = {
			isa = PBXFrameworksBuildPhase;
			buildActionMask = 2147483647;
			files = (
				277EF8032C038D5800643DC2 /* RxMoya in Frameworks */,
				2733750F2BB1AA5600191795 /* SnapKit in Frameworks */,
				277EF7FF2C038D5800643DC2 /* Moya in Frameworks */,
				277EF7FD2C038D5800643DC2 /* CombineMoya in Frameworks */,
				277EF8182C039C3500643DC2 /* SDWebImageSwiftUI in Frameworks */,
				277EF8012C038D5800643DC2 /* ReactiveMoya in Frameworks */,
				273375252BB1AC1300191795 /* FirebaseFirestore in Frameworks */,
				273375232BB1AC1300191795 /* FirebaseAuth in Frameworks */,
			);
			runOnlyForDeploymentPostprocessing = 0;
		};
		278309BC2BC308650096F9AE /* Frameworks */ = {
			isa = PBXFrameworksBuildPhase;
			buildActionMask = 2147483647;
			files = (
			);
			runOnlyForDeploymentPostprocessing = 0;
		};
		278309CB2BC3089E0096F9AE /* Frameworks */ = {
			isa = PBXFrameworksBuildPhase;
			buildActionMask = 2147483647;
			files = (
				270E99DD2BC3F1DA00D0A259 /* SnapshotTesting in Frameworks */,
			);
			runOnlyForDeploymentPostprocessing = 0;
		};
/* End PBXFrameworksBuildPhase section */

/* Begin PBXGroup section */
		04C997BC2BC41A7E00087BEC /* MockServices */ = {
			isa = PBXGroup;
			children = (
				04C997BF2BC41F2300087BEC /* ImageNetworkServiceMock.swift */,
				04C997C12BC4244C00087BEC /* AuthServiceMock.swift */,
			);
			path = MockServices;
			sourceTree = "<group>";
		};
		04C997C42BC4336000087BEC /* Entities */ = {
			isa = PBXGroup;
			children = (
				04C997C52BC4336F00087BEC /* UserData.swift */,
				04C997C72BC433A100087BEC /* UserErrors.swift */,
			);
			path = Entities;
			sourceTree = "<group>";
		};
		0A60B1CE2BAFA44700CCF145 /* SignUp */ = {
			isa = PBXGroup;
			children = (
				0A60B1D12BAFAF6200CCF145 /* Screen */,
				0A60B1CF2BAFA4DB00CCF145 /* SignUpFlowCoordinator.swift */,
			);
			path = SignUp;
			sourceTree = "<group>";
		};
		0A60B1D12BAFAF6200CCF145 /* Screen */ = {
			isa = PBXGroup;
			children = (
				0A60B1D22BAFAF7700CCF145 /* SignUpController.swift */,
				0A60B1D42BB07DD500CCF145 /* SignUpViewModel.swift */,
			);
			path = Screen;
			sourceTree = "<group>";
		};
		0A60B1DB2BB0A06A00CCF145 /* Helpers */ = {
			isa = PBXGroup;
			children = (
				27FE4EAE2BB1B7DE008C038E /* URLBuilder.swift */,
				0A60B1DC2BB0A07B00CCF145 /* Observable.swift */,
			);
			path = Helpers;
			sourceTree = "<group>";
		};
		0A60B1DE2BB0A62000CCF145 /* Services */ = {
			isa = PBXGroup;
			children = (
				0A60B1DF2BB0A62A00CCF145 /* Protocols */,
				0A60B1E62BB0AC1600CCF145 /* ValidationService.swift */,
				BA3D1E7F2BC3DDA40079FCB9 /* AuthService.swift */,
				BADDEF1C2C039BF600288585 /* CoreDataService.swift */,
				04C997B72BC3F76400087BEC /* ImageNetworkService.swift */,
				277EF8042C038DBC00643DC2 /* APITarget.swift */,
				277EF8112C03910900643DC2 /* NetworkingService.swift */,
			);
			path = Services;
			sourceTree = "<group>";
		};
		0A60B1DF2BB0A62A00CCF145 /* Protocols */ = {
			isa = PBXGroup;
			children = (
				BA3D1E7D2BC3DD3D0079FCB9 /* AuthServiceProtocol.swift */,
				0A60B1E42BB0AAAF00CCF145 /* ValidationServiceProtocol.swift */,
				04C997B52BC3F6A800087BEC /* ImageNetworkServiceProtocol.swift */,
				BADDEF182C039BA200288585 /* CoreDataServiceProtocol.swift */,
				277EF80F2C0390A500643DC2 /* NetworkingServiceProtocol.swift */,
			);
			path = Protocols;
			sourceTree = "<group>";
		};
		2707895C2BAE060B00874D60 = {
			isa = PBXGroup;
			children = (
				270789672BAE060B00874D60 /* Bookshelf */,
				278309CF2BC3089E0096F9AE /* BookshelfUnitTests */,
				278309C02BC308650096F9AE /* BookshelfUITests */,
				270789662BAE060B00874D60 /* Products */,
				27C2610C2BC33EF200F2EB10 /* Frameworks */,
			);
			sourceTree = "<group>";
		};
		270789662BAE060B00874D60 /* Products */ = {
			isa = PBXGroup;
			children = (
				270789652BAE060B00874D60 /* Bookshelf.app */,
				278309BF2BC308650096F9AE /* BookshelfUITests.xctest */,
				278309CE2BC3089E0096F9AE /* BookshelfUnitTests.xctest */,
			);
			name = Products;
			sourceTree = "<group>";
		};
		270789672BAE060B00874D60 /* Bookshelf */ = {
			isa = PBXGroup;
			children = (
				277EF8062C038F8900643DC2 /* ResponseModels */,
				2707897C2BAE06D000874D60 /* App */,
				272172622BAE07CD00C2990F /* Router */,
				272172612BAE07C600C2990F /* Coordinator */,
				2721727E2BAE0F0500C2990F /* Flows */,
				0A60B1DE2BB0A62000CCF145 /* Services */,
				0A60B1DB2BB0A06A00CCF145 /* Helpers */,
				0A60B1D62BB0837D00CCF145 /* GoogleService-Info.plist */,
				272172632BAE089800C2990F /* Factories */,
				2707897D2BAE06D600874D60 /* Supporting Files */,
				BADDEF132C039A3800288585 /* CoreData */,
			);
			path = Bookshelf;
			sourceTree = "<group>";
		};
		2707897C2BAE06D000874D60 /* App */ = {
			isa = PBXGroup;
			children = (
				270789682BAE060B00874D60 /* AppDelegate.swift */,
				2707896A2BAE060B00874D60 /* SceneDelegate.swift */,
				272172772BAE0C0900C2990F /* AppCoordinator.swift */,
			);
			path = App;
			sourceTree = "<group>";
		};
		2707897D2BAE06D600874D60 /* Supporting Files */ = {
			isa = PBXGroup;
			children = (
				270789712BAE061000874D60 /* Assets.xcassets */,
				270789732BAE061000874D60 /* LaunchScreen.storyboard */,
				270789762BAE061000874D60 /* Info.plist */,
			);
			path = "Supporting Files";
			sourceTree = "<group>";
		};
		272172612BAE07C600C2990F /* Coordinator */ = {
			isa = PBXGroup;
			children = (
				2721726B2BAE09D100C2990F /* Protocols */,
				272172752BAE0AF800C2990F /* BaseCoordinator.swift */,
			);
			path = Coordinator;
			sourceTree = "<group>";
		};
		272172622BAE07CD00C2990F /* Router */ = {
			isa = PBXGroup;
			children = (
				272172652BAE08BA00C2990F /* RouterProtocol.swift */,
				272172672BAE094300C2990F /* Router.swift */,
			);
			path = Router;
			sourceTree = "<group>";
		};
		272172632BAE089800C2990F /* Factories */ = {
			isa = PBXGroup;
			children = (
				272172642BAE08A300C2990F /* Protocols */,
				27FE4E6D2BB1B600008C038E /* ButtonFactory.swift */,
				27FE4E6C2BB1B600008C038E /* CoordinatorFactory.swift */,
				27FE4E6B2BB1B600008C038E /* LabelFactory.swift */,
				27FE4E6A2BB1B600008C038E /* ModuleFactory.swift */,
				0A60B1D92BB09BD800CCF145 /* TextFieldFactory.swift */,
				0A60B1E82BB0AFF800CCF145 /* ServiceFactory.swift */,
			);
			path = Factories;
			sourceTree = "<group>";
		};
		272172642BAE08A300C2990F /* Protocols */ = {
			isa = PBXGroup;
			children = (
				27FE4EA72BB1B79F008C038E /* ButtonFactoryProtocol.swift */,
				27FE4EA52BB1B79F008C038E /* CoordinatorFactoryProtocol.swift */,
				27FE4EA62BB1B79F008C038E /* LabelFactoryProtocol.swift */,
				27A18DF92BAEE8D900FF508F /* ModuleFactoryProtocol.swift */,
				0A60B1EA2BB0B02400CCF145 /* ServiceFactoryProtocol.swift */,
			);
			path = Protocols;
			sourceTree = "<group>";
		};
		2721726B2BAE09D100C2990F /* Protocols */ = {
			isa = PBXGroup;
			children = (
				2721726C2BAE09DB00C2990F /* CoordinatorProtocol.swift */,
				2721726E2BAE0A0500C2990F /* FlowController.swift */,
				272172722BAE0A4300C2990F /* FlowControllerWithValue.swift */,
			);
			path = Protocols;
			sourceTree = "<group>";
		};
		2721727E2BAE0F0500C2990F /* Flows */ = {
			isa = PBXGroup;
			children = (
				27FE4E7D2BB1B639008C038E /* TabBar */,
				27FE4E7C2BB1B62B008C038E /* SignIn */,
				0A60B1CE2BAFA44700CCF145 /* SignUp */,
				2721727F2BAE0F1100C2990F /* Auth */,
			);
			path = Flows;
			sourceTree = "<group>";
		};
		2721727F2BAE0F1100C2990F /* Auth */ = {
			isa = PBXGroup;
			children = (
				272172822BAE0F4400C2990F /* Screen */,
				272172802BAE0F2A00C2990F /* AuthFlowCoordinator.swift */,
			);
			path = Auth;
			sourceTree = "<group>";
		};
		272172822BAE0F4400C2990F /* Screen */ = {
			isa = PBXGroup;
			children = (
				272172832BAE0F5100C2990F /* AuthViewController.swift */,
			);
			path = Screen;
			sourceTree = "<group>";
		};
		2765695E2BC3D92D00B0323E /* Products */ = {
			isa = PBXGroup;
			name = Products;
			sourceTree = "<group>";
		};
		277EF8062C038F8900643DC2 /* ResponseModels */ = {
			isa = PBXGroup;
			children = (
				277EF8072C038FB700643DC2 /* BookApiModel.swift */,
				277EF8092C03905700643DC2 /* BookFromApi.swift */,
				277EF80B2C03907600643DC2 /* Author.swift */,
				277EF80D2C03908300643DC2 /* Formats.swift */,
			);
			path = ResponseModels;
			sourceTree = "<group>";
		};
		278309C02BC308650096F9AE /* BookshelfUITests */ = {
			isa = PBXGroup;
			children = (
				278309C12BC308650096F9AE /* BookshelfUITests.swift */,
			);
			path = BookshelfUITests;
			sourceTree = "<group>";
		};
		278309CF2BC3089E0096F9AE /* BookshelfUnitTests */ = {
			isa = PBXGroup;
			children = (
				04C997C42BC4336000087BEC /* Entities */,
				27C260FF2BC32BA300F2EB10 /* MockCoordinator */,
				04C997BC2BC41A7E00087BEC /* MockServices */,
				278309D02BC3089E0096F9AE /* BookshelfUnitTests.swift */,
				270E99DA2BC3F06200D0A259 /* BookshelfSnapshotTests.swift */,
			);
			path = BookshelfUnitTests;
			sourceTree = "<group>";
		};
		27C260FF2BC32BA300F2EB10 /* MockCoordinator */ = {
			isa = PBXGroup;
			children = (
				27C261062BC32E5000F2EB10 /* MockViewConrtollers */,
				27C261002BC32BC800F2EB10 /* MockAppCoordinator.swift */,
				27C261022BC32C8400F2EB10 /* MockAdditionalCoordinator.swift */,
			);
			path = MockCoordinator;
			sourceTree = "<group>";
		};
		27C261062BC32E5000F2EB10 /* MockViewConrtollers */ = {
			isa = PBXGroup;
			children = (
				27C261042BC32D4900F2EB10 /* MockEmptyViewController.swift */,
				27C261072BC32E6700F2EB10 /* MockWithValueVIewController.swift */,
			);
			path = MockViewConrtollers;
			sourceTree = "<group>";
		};
		27C2610C2BC33EF200F2EB10 /* Frameworks */ = {
			isa = PBXGroup;
			children = (
				2765695D2BC3D92D00B0323E /* Bookshelf.xcodeproj */,
			);
			name = Frameworks;
			sourceTree = "<group>";
		};
		27FE4E7C2BB1B62B008C038E /* SignIn */ = {
			isa = PBXGroup;
			children = (
				27FE4E832BB1B66A008C038E /* SignInFlowCoordinator.swift */,
				27FE4E7E2BB1B64E008C038E /* Screen */,
			);
			path = SignIn;
			sourceTree = "<group>";
		};
		27FE4E7D2BB1B639008C038E /* TabBar */ = {
			isa = PBXGroup;
			children = (
				27FE4E8B2BB1B685008C038E /* Tabs */,
				27FE4E852BB1B675008C038E /* TabBarCoordinator.swift */,
				27FE4E862BB1B675008C038E /* TabBarDelegateProtocol.swift */,
				27FE4E872BB1B675008C038E /* TabBarViewController.swift */,
			);
			path = TabBar;
			sourceTree = "<group>";
		};
		27FE4E7E2BB1B64E008C038E /* Screen */ = {
			isa = PBXGroup;
			children = (
				27FE4E802BB1B663008C038E /* SignInViewController.swift */,
				27FE4E7F2BB1B663008C038E /* SignInViewModel.swift */,
			);
			path = Screen;
			sourceTree = "<group>";
		};
		27FE4E8B2BB1B685008C038E /* Tabs */ = {
			isa = PBXGroup;
			children = (
				27FE4E8E2BB1B695008C038E /* Recomendations */,
				27FE4E8D2BB1B68E008C038E /* Profile */,
				27FE4E8C2BB1B688008C038E /* Library */,
			);
			path = Tabs;
			sourceTree = "<group>";
		};
		27FE4E8C2BB1B688008C038E /* Library */ = {
			isa = PBXGroup;
			children = (
				27FE4E922BB1B6C0008C038E /* LibraryCoordinator.swift */,
				27FE4E912BB1B6B4008C038E /* Screen */,
			);
			path = Library;
			sourceTree = "<group>";
		};
		27FE4E8D2BB1B68E008C038E /* Profile */ = {
			isa = PBXGroup;
			children = (
				BADDEF0A2C03874F00288585 /* EditProfile */,
				27FE4E942BB1B6C8008C038E /* ProfileCoordinator.swift */,
				27FE4E902BB1B6AF008C038E /* Screen */,
			);
			path = Profile;
			sourceTree = "<group>";
		};
		27FE4E8E2BB1B695008C038E /* Recomendations */ = {
			isa = PBXGroup;
			children = (
				27FE4E962BB1B6CD008C038E /* RecomendationsCoordinator.swift */,
				27FE4E8F2BB1B6A5008C038E /* Screen */,
			);
			path = Recomendations;
			sourceTree = "<group>";
		};
		27FE4E8F2BB1B6A5008C038E /* Screen */ = {
			isa = PBXGroup;
			children = (
				27FE4E9D2BB1B6DD008C038E /* RecomendationsViewController.swift */,
				27FE4E9C2BB1B6DD008C038E /* RecomendationsViewModel.swift */,
			);
			path = Screen;
			sourceTree = "<group>";
		};
		27FE4E902BB1B6AF008C038E /* Screen */ = {
			isa = PBXGroup;
			children = (
				27FE4EA02BB1B6E6008C038E /* ProfileViewController.swift */,
				27FE4EA12BB1B6E6008C038E /* ProfileViewModel.swift */,
			);
			path = Screen;
			sourceTree = "<group>";
		};
		27FE4E912BB1B6B4008C038E /* Screen */ = {
			isa = PBXGroup;
			children = (
				277EF7F52C038ACA00643DC2 /* LibrarySUIView.swift */,
				277EF7F92C038BBE00643DC2 /* LibraryViewModel.swift */,
				277EF8132C03964100643DC2 /* BookSUIViewCell.swift */,
			);
			path = Screen;
			sourceTree = "<group>";
		};
		BADDEF0A2C03874F00288585 /* EditProfile */ = {
			isa = PBXGroup;
			children = (
				BADDEF0B2C03875D00288585 /* EditProfileView.swift */,
				BADDEF0D2C03944B00288585 /* EditProfileVIewModel.swift */,
			);
			path = EditProfile;
			sourceTree = "<group>";
		};
		BADDEF132C039A3800288585 /* CoreData */ = {
			isa = PBXGroup;
			children = (
				BADDEF0F2C0399FC00288585 /* CoreData.xcdatamodeld */,
				BADDEF142C039B0000288585 /* UserCoreData+CoreDataClass.swift */,
				BADDEF152C039B0000288585 /* UserCoreData+CoreDataProperties.swift */,
				BADDEF1A2C039BC700288585 /* UserModel.swift */,
			);
			path = CoreData;
			sourceTree = "<group>";
		};
/* End PBXGroup section */

/* Begin PBXNativeTarget section */
		270789642BAE060B00874D60 /* Bookshelf */ = {
			isa = PBXNativeTarget;
			buildConfigurationList = 270789792BAE061000874D60 /* Build configuration list for PBXNativeTarget "Bookshelf" */;
			buildPhases = (
				270789612BAE060B00874D60 /* Sources */,
				270789622BAE060B00874D60 /* Frameworks */,
				270789632BAE060B00874D60 /* Resources */,
				27A18DF82BAEE66100FF508F /* Swiftlint */,
				27ABC3462C02071C00CAF20A /* Embed Frameworks */,
			);
			buildRules = (
			);
			dependencies = (
			);
			name = Bookshelf;
			packageProductDependencies = (
				2733750E2BB1AA5600191795 /* SnapKit */,
				273375222BB1AC1300191795 /* FirebaseAuth */,
				273375242BB1AC1300191795 /* FirebaseFirestore */,
				277EF7FC2C038D5800643DC2 /* CombineMoya */,
				277EF7FE2C038D5800643DC2 /* Moya */,
				277EF8002C038D5800643DC2 /* ReactiveMoya */,
				277EF8022C038D5800643DC2 /* RxMoya */,
				277EF8172C039C3500643DC2 /* SDWebImageSwiftUI */,
			);
			productName = Bookshelf;
			productReference = 270789652BAE060B00874D60 /* Bookshelf.app */;
			productType = "com.apple.product-type.application";
		};
		278309BE2BC308650096F9AE /* BookshelfUITests */ = {
			isa = PBXNativeTarget;
			buildConfigurationList = 278309C72BC308650096F9AE /* Build configuration list for PBXNativeTarget "BookshelfUITests" */;
			buildPhases = (
				278309BB2BC308650096F9AE /* Sources */,
				278309BC2BC308650096F9AE /* Frameworks */,
				278309BD2BC308650096F9AE /* Resources */,
			);
			buildRules = (
			);
			dependencies = (
				278309C62BC308650096F9AE /* PBXTargetDependency */,
			);
			name = BookshelfUITests;
			packageProductDependencies = (
			);
			productName = BookshelfUITests;
			productReference = 278309BF2BC308650096F9AE /* BookshelfUITests.xctest */;
			productType = "com.apple.product-type.bundle.ui-testing";
		};
		278309CD2BC3089E0096F9AE /* BookshelfUnitTests */ = {
			isa = PBXNativeTarget;
			buildConfigurationList = 278309D42BC3089E0096F9AE /* Build configuration list for PBXNativeTarget "BookshelfUnitTests" */;
			buildPhases = (
				278309CA2BC3089E0096F9AE /* Sources */,
				278309CB2BC3089E0096F9AE /* Frameworks */,
				278309CC2BC3089E0096F9AE /* Resources */,
			);
			buildRules = (
			);
			dependencies = (
				278309D32BC3089E0096F9AE /* PBXTargetDependency */,
			);
			name = BookshelfUnitTests;
			packageProductDependencies = (
				270E99DC2BC3F1DA00D0A259 /* SnapshotTesting */,
			);
			productName = BookshelfUnitTests;
			productReference = 278309CE2BC3089E0096F9AE /* BookshelfUnitTests.xctest */;
			productType = "com.apple.product-type.bundle.unit-test";
		};
/* End PBXNativeTarget section */

/* Begin PBXProject section */
		2707895D2BAE060B00874D60 /* Project object */ = {
			isa = PBXProject;
			attributes = {
				BuildIndependentTargetsInParallel = 1;
				LastSwiftUpdateCheck = 1530;
				LastUpgradeCheck = 1520;
				TargetAttributes = {
					270789642BAE060B00874D60 = {
						CreatedOnToolsVersion = 15.2;
					};
					278309BE2BC308650096F9AE = {
						CreatedOnToolsVersion = 15.3;
						TestTargetID = 270789642BAE060B00874D60;
					};
					278309CD2BC3089E0096F9AE = {
						CreatedOnToolsVersion = 15.3;
						TestTargetID = 270789642BAE060B00874D60;
					};
				};
			};
			buildConfigurationList = 270789602BAE060B00874D60 /* Build configuration list for PBXProject "Bookshelf" */;
			compatibilityVersion = "Xcode 14.0";
			developmentRegion = en;
			hasScannedForEncodings = 0;
			knownRegions = (
				en,
				Base,
			);
			mainGroup = 2707895C2BAE060B00874D60;
			packageReferences = (
				2733750D2BB1AA5600191795 /* XCRemoteSwiftPackageReference "SnapKit" */,
				273375212BB1AC1300191795 /* XCRemoteSwiftPackageReference "firebase-ios-sdk" */,
				278309D92BC317650096F9AE /* XCRemoteSwiftPackageReference "swift-snapshot-testing" */,
				277EF7FB2C038D5800643DC2 /* XCRemoteSwiftPackageReference "Moya" */,
				277EF8162C039C3500643DC2 /* XCRemoteSwiftPackageReference "SDWebImageSwiftUI" */,
			);
			productRefGroup = 270789662BAE060B00874D60 /* Products */;
			projectDirPath = "";
			projectReferences = (
				{
					ProductGroup = 2765695E2BC3D92D00B0323E /* Products */;
					ProjectRef = 2765695D2BC3D92D00B0323E /* Bookshelf.xcodeproj */;
				},
			);
			projectRoot = "";
			targets = (
				270789642BAE060B00874D60 /* Bookshelf */,
				278309BE2BC308650096F9AE /* BookshelfUITests */,
				278309CD2BC3089E0096F9AE /* BookshelfUnitTests */,
			);
		};
/* End PBXProject section */

/* Begin PBXResourcesBuildPhase section */
		270789632BAE060B00874D60 /* Resources */ = {
			isa = PBXResourcesBuildPhase;
			buildActionMask = 2147483647;
			files = (
				270789752BAE061000874D60 /* LaunchScreen.storyboard in Resources */,
				270789722BAE061000874D60 /* Assets.xcassets in Resources */,
				0A60B1D72BB0837D00CCF145 /* GoogleService-Info.plist in Resources */,
			);
			runOnlyForDeploymentPostprocessing = 0;
		};
		278309BD2BC308650096F9AE /* Resources */ = {
			isa = PBXResourcesBuildPhase;
			buildActionMask = 2147483647;
			files = (
			);
			runOnlyForDeploymentPostprocessing = 0;
		};
		278309CC2BC3089E0096F9AE /* Resources */ = {
			isa = PBXResourcesBuildPhase;
			buildActionMask = 2147483647;
			files = (
			);
			runOnlyForDeploymentPostprocessing = 0;
		};
/* End PBXResourcesBuildPhase section */

/* Begin PBXShellScriptBuildPhase section */
		27A18DF82BAEE66100FF508F /* Swiftlint */ = {
			isa = PBXShellScriptBuildPhase;
			alwaysOutOfDate = 1;
			buildActionMask = 2147483647;
			files = (
			);
			inputFileListPaths = (
			);
			inputPaths = (
			);
			name = Swiftlint;
			outputFileListPaths = (
			);
			outputPaths = (
			);
			runOnlyForDeploymentPostprocessing = 0;
			shellPath = /bin/sh;
			shellScript = "export PATH=\"$PATH:/opt/homebrew/bin\"\n\nif which swiftlint > /dev/null; then\n  swiftlint --fix && swiftlint\nelse\n  echo \"warning: SwiftLint not installed, download from https://github.com/realm/SwiftLint\"\nfi\n";
			showEnvVarsInLog = 0;
		};
/* End PBXShellScriptBuildPhase section */

/* Begin PBXSourcesBuildPhase section */
		270789612BAE060B00874D60 /* Sources */ = {
			isa = PBXSourcesBuildPhase;
			buildActionMask = 2147483647;
			files = (
				277EF80E2C03908300643DC2 /* Formats.swift in Sources */,
				277EF8102C0390A500643DC2 /* NetworkingServiceProtocol.swift in Sources */,
				0A60B1E92BB0AFF800CCF145 /* ServiceFactory.swift in Sources */,
				2721726F2BAE0A0500C2990F /* FlowController.swift in Sources */,
				27FE4E882BB1B675008C038E /* TabBarCoordinator.swift in Sources */,
				27FE4EAC2BB1B79F008C038E /* ButtonFactoryProtocol.swift in Sources */,
				BADDEF192C039BA200288585 /* CoreDataServiceProtocol.swift in Sources */,
				27FE4E9A2BB1B6D5008C038E /* LibraryViewModel.swift in Sources */,
				BADDEF112C0399FC00288585 /* CoreData.xcdatamodeld in Sources */,
				272172762BAE0AF800C2990F /* BaseCoordinator.swift in Sources */,
				272172782BAE0C0900C2990F /* AppCoordinator.swift in Sources */,
				BA3D1E802BC3DDA40079FCB9 /* AuthService.swift in Sources */,
				277EF8082C038FB700643DC2 /* BookApiModel.swift in Sources */,
				27FE4EAF2BB1B7DE008C038E /* URLBuilder.swift in Sources */,
				27FE4EA22BB1B6E6008C038E /* ProfileViewController.swift in Sources */,
				0A60B1D52BB07DD500CCF145 /* SignUpViewModel.swift in Sources */,
				27FE4E952BB1B6C8008C038E /* ProfileCoordinator.swift in Sources */,
				27A18DFA2BAEE8D900FF508F /* ModuleFactoryProtocol.swift in Sources */,
				277EF8142C03964100643DC2 /* BookSUIViewCell.swift in Sources */,
				270789692BAE060B00874D60 /* AppDelegate.swift in Sources */,
				277EF8052C038DBC00643DC2 /* APITarget.swift in Sources */,
				27FE4E8A2BB1B675008C038E /* TabBarViewController.swift in Sources */,
				0A60B1DA2BB09BD800CCF145 /* TextFieldFactory.swift in Sources */,
				2721726D2BAE09DB00C2990F /* CoordinatorProtocol.swift in Sources */,
				0A60B1EB2BB0B02400CCF145 /* ServiceFactoryProtocol.swift in Sources */,
				27FE4E6F2BB1B600008C038E /* LabelFactory.swift in Sources */,
				27FE4EAA2BB1B79F008C038E /* CoordinatorFactoryProtocol.swift in Sources */,
				27FE4E842BB1B66A008C038E /* SignInFlowCoordinator.swift in Sources */,
				277EF80C2C03907600643DC2 /* Author.swift in Sources */,
				277EF80A2C03905700643DC2 /* BookFromApi.swift in Sources */,
				27FE4E892BB1B675008C038E /* TabBarDelegateProtocol.swift in Sources */,
				0A60B1D02BAFA4DB00CCF145 /* SignUpFlowCoordinator.swift in Sources */,
				27FE4E932BB1B6C0008C038E /* LibraryCoordinator.swift in Sources */,
				04C997B62BC3F6A800087BEC /* ImageNetworkServiceProtocol.swift in Sources */,
				277EF8122C03910900643DC2 /* NetworkingService.swift in Sources */,
				27FE4E9F2BB1B6DD008C038E /* RecomendationsViewController.swift in Sources */,
				BADDEF1D2C039BF600288585 /* CoreDataService.swift in Sources */,
				0A60B1D32BAFAF7700CCF145 /* SignUpController.swift in Sources */,
				27FE4E702BB1B600008C038E /* CoordinatorFactory.swift in Sources */,
				27FE4EA32BB1B6E6008C038E /* ProfileViewModel.swift in Sources */,
				0A60B1E72BB0AC1600CCF145 /* ValidationService.swift in Sources */,
				272172682BAE094300C2990F /* Router.swift in Sources */,
				0A60B1E52BB0AAAF00CCF145 /* ValidationServiceProtocol.swift in Sources */,
				BADDEF0E2C03944B00288585 /* EditProfileVIewModel.swift in Sources */,
				27FE4E6E2BB1B600008C038E /* ModuleFactory.swift in Sources */,
				272172812BAE0F2A00C2990F /* AuthFlowCoordinator.swift in Sources */,
				27FE4E812BB1B663008C038E /* SignInViewModel.swift in Sources */,
				277EF7FA2C038BBE00643DC2 /* LibraryViewModel.swift in Sources */,
				04C997B82BC3F76400087BEC /* ImageNetworkService.swift in Sources */,
				BADDEF0C2C03875D00288585 /* EditProfileView.swift in Sources */,
				BADDEF162C039B0000288585 /* UserCoreData+CoreDataClass.swift in Sources */,
				BADDEF172C039B0000288585 /* UserCoreData+CoreDataProperties.swift in Sources */,
				27FE4E9B2BB1B6D5008C038E /* LibraryViewController.swift in Sources */,
				BADDEF1B2C039BC700288585 /* UserModel.swift in Sources */,
				272172842BAE0F5100C2990F /* AuthViewController.swift in Sources */,
				27FE4E822BB1B663008C038E /* SignInViewController.swift in Sources */,
				27FE4E712BB1B600008C038E /* ButtonFactory.swift in Sources */,
				0A60B1DD2BB0A07B00CCF145 /* Observable.swift in Sources */,
				272172732BAE0A4300C2990F /* FlowControllerWithValue.swift in Sources */,
				272172662BAE08BB00C2990F /* RouterProtocol.swift in Sources */,
				BA3D1E7E2BC3DD3D0079FCB9 /* AuthServiceProtocol.swift in Sources */,
				27FE4EAB2BB1B79F008C038E /* LabelFactoryProtocol.swift in Sources */,
				2707896B2BAE060B00874D60 /* SceneDelegate.swift in Sources */,
				277EF7F62C038ACA00643DC2 /* LibrarySUIView.swift in Sources */,
				27FE4E9E2BB1B6DD008C038E /* RecomendationsViewModel.swift in Sources */,
				27FE4E972BB1B6CD008C038E /* RecomendationsCoordinator.swift in Sources */,
			);
			runOnlyForDeploymentPostprocessing = 0;
		};
		278309BB2BC308650096F9AE /* Sources */ = {
			isa = PBXSourcesBuildPhase;
			buildActionMask = 2147483647;
			files = (
				278309C22BC308650096F9AE /* BookshelfUITests.swift in Sources */,
			);
			runOnlyForDeploymentPostprocessing = 0;
		};
		278309CA2BC3089E0096F9AE /* Sources */ = {
			isa = PBXSourcesBuildPhase;
			buildActionMask = 2147483647;
			files = (
				04C997C02BC41F2300087BEC /* ImageNetworkServiceMock.swift in Sources */,
				27C261082BC32E6700F2EB10 /* MockWithValueVIewController.swift in Sources */,
				27C261052BC32D4900F2EB10 /* MockEmptyViewController.swift in Sources */,
				04C997C62BC4336F00087BEC /* UserData.swift in Sources */,
				27C261012BC32BC800F2EB10 /* MockAppCoordinator.swift in Sources */,
				270E99DB2BC3F06200D0A259 /* BookshelfSnapshotTests.swift in Sources */,
				278309D12BC3089E0096F9AE /* BookshelfUnitTests.swift in Sources */,
				04C997C82BC433A100087BEC /* UserErrors.swift in Sources */,
				27C261032BC32C8400F2EB10 /* MockAdditionalCoordinator.swift in Sources */,
				04C997C22BC4244C00087BEC /* AuthServiceMock.swift in Sources */,
			);
			runOnlyForDeploymentPostprocessing = 0;
		};
/* End PBXSourcesBuildPhase section */

/* Begin PBXTargetDependency section */
		278309C62BC308650096F9AE /* PBXTargetDependency */ = {
			isa = PBXTargetDependency;
			target = 270789642BAE060B00874D60 /* Bookshelf */;
			targetProxy = 278309C52BC308650096F9AE /* PBXContainerItemProxy */;
		};
		278309D32BC3089E0096F9AE /* PBXTargetDependency */ = {
			isa = PBXTargetDependency;
			target = 270789642BAE060B00874D60 /* Bookshelf */;
			targetProxy = 278309D22BC3089E0096F9AE /* PBXContainerItemProxy */;
		};
/* End PBXTargetDependency section */

/* Begin PBXVariantGroup section */
		270789732BAE061000874D60 /* LaunchScreen.storyboard */ = {
			isa = PBXVariantGroup;
			children = (
				270789742BAE061000874D60 /* Base */,
			);
			name = LaunchScreen.storyboard;
			sourceTree = "<group>";
		};
/* End PBXVariantGroup section */

/* Begin XCBuildConfiguration section */
		270789772BAE061000874D60 /* Debug */ = {
			isa = XCBuildConfiguration;
			buildSettings = {
				ALWAYS_SEARCH_USER_PATHS = NO;
				ASSETCATALOG_COMPILER_GENERATE_SWIFT_ASSET_SYMBOL_EXTENSIONS = YES;
				CLANG_ANALYZER_NONNULL = YES;
				CLANG_ANALYZER_NUMBER_OBJECT_CONVERSION = YES_AGGRESSIVE;
				CLANG_CXX_LANGUAGE_STANDARD = "gnu++20";
				CLANG_ENABLE_MODULES = YES;
				CLANG_ENABLE_OBJC_ARC = YES;
				CLANG_ENABLE_OBJC_WEAK = YES;
				CLANG_WARN_BLOCK_CAPTURE_AUTORELEASING = YES;
				CLANG_WARN_BOOL_CONVERSION = YES;
				CLANG_WARN_COMMA = YES;
				CLANG_WARN_CONSTANT_CONVERSION = YES;
				CLANG_WARN_DEPRECATED_OBJC_IMPLEMENTATIONS = YES;
				CLANG_WARN_DIRECT_OBJC_ISA_USAGE = YES_ERROR;
				CLANG_WARN_DOCUMENTATION_COMMENTS = YES;
				CLANG_WARN_EMPTY_BODY = YES;
				CLANG_WARN_ENUM_CONVERSION = YES;
				CLANG_WARN_INFINITE_RECURSION = YES;
				CLANG_WARN_INT_CONVERSION = YES;
				CLANG_WARN_NON_LITERAL_NULL_CONVERSION = YES;
				CLANG_WARN_OBJC_IMPLICIT_RETAIN_SELF = YES;
				CLANG_WARN_OBJC_LITERAL_CONVERSION = YES;
				CLANG_WARN_OBJC_ROOT_CLASS = YES_ERROR;
				CLANG_WARN_QUOTED_INCLUDE_IN_FRAMEWORK_HEADER = YES;
				CLANG_WARN_RANGE_LOOP_ANALYSIS = YES;
				CLANG_WARN_STRICT_PROTOTYPES = YES;
				CLANG_WARN_SUSPICIOUS_MOVE = YES;
				CLANG_WARN_UNGUARDED_AVAILABILITY = YES_AGGRESSIVE;
				CLANG_WARN_UNREACHABLE_CODE = YES;
				CLANG_WARN__DUPLICATE_METHOD_MATCH = YES;
				COPY_PHASE_STRIP = NO;
				DEBUG_INFORMATION_FORMAT = dwarf;
				ENABLE_STRICT_OBJC_MSGSEND = YES;
				ENABLE_TESTABILITY = YES;
				ENABLE_USER_SCRIPT_SANDBOXING = NO;
				GCC_C_LANGUAGE_STANDARD = gnu17;
				GCC_DYNAMIC_NO_PIC = NO;
				GCC_NO_COMMON_BLOCKS = YES;
				GCC_OPTIMIZATION_LEVEL = 0;
				GCC_PREPROCESSOR_DEFINITIONS = (
					"DEBUG=1",
					"$(inherited)",
				);
				GCC_WARN_64_TO_32_BIT_CONVERSION = YES;
				GCC_WARN_ABOUT_RETURN_TYPE = YES_ERROR;
				GCC_WARN_UNDECLARED_SELECTOR = YES;
				GCC_WARN_UNINITIALIZED_AUTOS = YES_AGGRESSIVE;
				GCC_WARN_UNUSED_FUNCTION = YES;
				GCC_WARN_UNUSED_VARIABLE = YES;
				IPHONEOS_DEPLOYMENT_TARGET = 15.0;
				LOCALIZATION_PREFERS_STRING_CATALOGS = YES;
				MTL_ENABLE_DEBUG_INFO = INCLUDE_SOURCE;
				MTL_FAST_MATH = YES;
				ONLY_ACTIVE_ARCH = YES;
				SDKROOT = iphoneos;
				SWIFT_ACTIVE_COMPILATION_CONDITIONS = "DEBUG $(inherited)";
				SWIFT_OPTIMIZATION_LEVEL = "-Onone";
			};
			name = Debug;
		};
		270789782BAE061000874D60 /* Release */ = {
			isa = XCBuildConfiguration;
			buildSettings = {
				ALWAYS_SEARCH_USER_PATHS = NO;
				ASSETCATALOG_COMPILER_GENERATE_SWIFT_ASSET_SYMBOL_EXTENSIONS = YES;
				CLANG_ANALYZER_NONNULL = YES;
				CLANG_ANALYZER_NUMBER_OBJECT_CONVERSION = YES_AGGRESSIVE;
				CLANG_CXX_LANGUAGE_STANDARD = "gnu++20";
				CLANG_ENABLE_MODULES = YES;
				CLANG_ENABLE_OBJC_ARC = YES;
				CLANG_ENABLE_OBJC_WEAK = YES;
				CLANG_WARN_BLOCK_CAPTURE_AUTORELEASING = YES;
				CLANG_WARN_BOOL_CONVERSION = YES;
				CLANG_WARN_COMMA = YES;
				CLANG_WARN_CONSTANT_CONVERSION = YES;
				CLANG_WARN_DEPRECATED_OBJC_IMPLEMENTATIONS = YES;
				CLANG_WARN_DIRECT_OBJC_ISA_USAGE = YES_ERROR;
				CLANG_WARN_DOCUMENTATION_COMMENTS = YES;
				CLANG_WARN_EMPTY_BODY = YES;
				CLANG_WARN_ENUM_CONVERSION = YES;
				CLANG_WARN_INFINITE_RECURSION = YES;
				CLANG_WARN_INT_CONVERSION = YES;
				CLANG_WARN_NON_LITERAL_NULL_CONVERSION = YES;
				CLANG_WARN_OBJC_IMPLICIT_RETAIN_SELF = YES;
				CLANG_WARN_OBJC_LITERAL_CONVERSION = YES;
				CLANG_WARN_OBJC_ROOT_CLASS = YES_ERROR;
				CLANG_WARN_QUOTED_INCLUDE_IN_FRAMEWORK_HEADER = YES;
				CLANG_WARN_RANGE_LOOP_ANALYSIS = YES;
				CLANG_WARN_STRICT_PROTOTYPES = YES;
				CLANG_WARN_SUSPICIOUS_MOVE = YES;
				CLANG_WARN_UNGUARDED_AVAILABILITY = YES_AGGRESSIVE;
				CLANG_WARN_UNREACHABLE_CODE = YES;
				CLANG_WARN__DUPLICATE_METHOD_MATCH = YES;
				COPY_PHASE_STRIP = NO;
				DEBUG_INFORMATION_FORMAT = "dwarf-with-dsym";
				ENABLE_NS_ASSERTIONS = NO;
				ENABLE_STRICT_OBJC_MSGSEND = YES;
				ENABLE_USER_SCRIPT_SANDBOXING = NO;
				GCC_C_LANGUAGE_STANDARD = gnu17;
				GCC_NO_COMMON_BLOCKS = YES;
				GCC_WARN_64_TO_32_BIT_CONVERSION = YES;
				GCC_WARN_ABOUT_RETURN_TYPE = YES_ERROR;
				GCC_WARN_UNDECLARED_SELECTOR = YES;
				GCC_WARN_UNINITIALIZED_AUTOS = YES_AGGRESSIVE;
				GCC_WARN_UNUSED_FUNCTION = YES;
				GCC_WARN_UNUSED_VARIABLE = YES;
				IPHONEOS_DEPLOYMENT_TARGET = 15.0;
				LOCALIZATION_PREFERS_STRING_CATALOGS = YES;
				MTL_ENABLE_DEBUG_INFO = NO;
				MTL_FAST_MATH = YES;
				SDKROOT = iphoneos;
				SWIFT_COMPILATION_MODE = wholemodule;
				VALIDATE_PRODUCT = YES;
			};
			name = Release;
		};
		2707897A2BAE061000874D60 /* Debug */ = {
			isa = XCBuildConfiguration;
			buildSettings = {
				ASSETCATALOG_COMPILER_APPICON_NAME = AppIcon;
				ASSETCATALOG_COMPILER_GLOBAL_ACCENT_COLOR_NAME = AccentColor;
				CODE_SIGN_STYLE = Automatic;
				CURRENT_PROJECT_VERSION = 1;
				DEVELOPMENT_TEAM = 6Z768ZM658;
				GENERATE_INFOPLIST_FILE = YES;
				INFOPLIST_FILE = "Bookshelf/Supporting Files/Info.plist";
				INFOPLIST_KEY_UIApplicationSupportsIndirectInputEvents = YES;
				INFOPLIST_KEY_UILaunchStoryboardName = LaunchScreen;
				INFOPLIST_KEY_UISupportedInterfaceOrientations_iPad = "UIInterfaceOrientationPortrait UIInterfaceOrientationPortraitUpsideDown UIInterfaceOrientationLandscapeLeft UIInterfaceOrientationLandscapeRight";
				INFOPLIST_KEY_UISupportedInterfaceOrientations_iPhone = "UIInterfaceOrientationPortrait UIInterfaceOrientationLandscapeLeft UIInterfaceOrientationLandscapeRight";
				IPHONEOS_DEPLOYMENT_TARGET = 17.0;
				LD_RUNPATH_SEARCH_PATHS = (
					"$(inherited)",
					"@executable_path/Frameworks",
				);
				MARKETING_VERSION = 1.0;
				PRODUCT_BUNDLE_IDENTIFIER = "com.DevITIS.1k-mile.Bookshelf";
				PRODUCT_NAME = "$(TARGET_NAME)";
				SWIFT_EMIT_LOC_STRINGS = YES;
				SWIFT_VERSION = 5.0;
				TARGETED_DEVICE_FAMILY = "1,2";
			};
			name = Debug;
		};
		2707897B2BAE061000874D60 /* Release */ = {
			isa = XCBuildConfiguration;
			buildSettings = {
				ASSETCATALOG_COMPILER_APPICON_NAME = AppIcon;
				ASSETCATALOG_COMPILER_GLOBAL_ACCENT_COLOR_NAME = AccentColor;
				CODE_SIGN_STYLE = Automatic;
				CURRENT_PROJECT_VERSION = 1;
				DEVELOPMENT_TEAM = 6Z768ZM658;
				GENERATE_INFOPLIST_FILE = YES;
				INFOPLIST_FILE = "Bookshelf/Supporting Files/Info.plist";
				INFOPLIST_KEY_UIApplicationSupportsIndirectInputEvents = YES;
				INFOPLIST_KEY_UILaunchStoryboardName = LaunchScreen;
				INFOPLIST_KEY_UISupportedInterfaceOrientations_iPad = "UIInterfaceOrientationPortrait UIInterfaceOrientationPortraitUpsideDown UIInterfaceOrientationLandscapeLeft UIInterfaceOrientationLandscapeRight";
				INFOPLIST_KEY_UISupportedInterfaceOrientations_iPhone = "UIInterfaceOrientationPortrait UIInterfaceOrientationLandscapeLeft UIInterfaceOrientationLandscapeRight";
				IPHONEOS_DEPLOYMENT_TARGET = 17.0;
				LD_RUNPATH_SEARCH_PATHS = (
					"$(inherited)",
					"@executable_path/Frameworks",
				);
				MARKETING_VERSION = 1.0;
				PRODUCT_BUNDLE_IDENTIFIER = "com.DevITIS.1k-mile.Bookshelf";
				PRODUCT_NAME = "$(TARGET_NAME)";
				SWIFT_EMIT_LOC_STRINGS = YES;
				SWIFT_VERSION = 5.0;
				TARGETED_DEVICE_FAMILY = "1,2";
			};
			name = Release;
		};
		278309C82BC308650096F9AE /* Debug */ = {
			isa = XCBuildConfiguration;
			buildSettings = {
				CODE_SIGN_STYLE = Automatic;
				CURRENT_PROJECT_VERSION = 1;
				DEVELOPMENT_TEAM = 6Z768ZM658;
				ENABLE_USER_SCRIPT_SANDBOXING = YES;
				GENERATE_INFOPLIST_FILE = YES;
				IPHONEOS_DEPLOYMENT_TARGET = 15.0;
				MARKETING_VERSION = 1.0;
				PRODUCT_BUNDLE_IDENTIFIER = "com.DevITIS.1k-mile.BookshelfUITests";
				PRODUCT_NAME = "$(TARGET_NAME)";
				SWIFT_EMIT_LOC_STRINGS = NO;
				SWIFT_VERSION = 5.0;
				TARGETED_DEVICE_FAMILY = "1,2";
				TEST_TARGET_NAME = Bookshelf;
			};
			name = Debug;
		};
		278309C92BC308650096F9AE /* Release */ = {
			isa = XCBuildConfiguration;
			buildSettings = {
				CODE_SIGN_STYLE = Automatic;
				CURRENT_PROJECT_VERSION = 1;
				DEVELOPMENT_TEAM = 6Z768ZM658;
				ENABLE_USER_SCRIPT_SANDBOXING = YES;
				GENERATE_INFOPLIST_FILE = YES;
				IPHONEOS_DEPLOYMENT_TARGET = 15.0;
				MARKETING_VERSION = 1.0;
				PRODUCT_BUNDLE_IDENTIFIER = "com.DevITIS.1k-mile.BookshelfUITests";
				PRODUCT_NAME = "$(TARGET_NAME)";
				SWIFT_EMIT_LOC_STRINGS = NO;
				SWIFT_VERSION = 5.0;
				TARGETED_DEVICE_FAMILY = "1,2";
				TEST_TARGET_NAME = Bookshelf;
			};
			name = Release;
		};
		278309D52BC3089E0096F9AE /* Debug */ = {
			isa = XCBuildConfiguration;
			buildSettings = {
				BUNDLE_LOADER = "$(TEST_HOST)";
				CODE_SIGN_STYLE = Automatic;
				CURRENT_PROJECT_VERSION = 1;
				DEVELOPMENT_TEAM = 6Z768ZM658;
				ENABLE_USER_SCRIPT_SANDBOXING = YES;
				GENERATE_INFOPLIST_FILE = YES;
				IPHONEOS_DEPLOYMENT_TARGET = 15.0;
				MARKETING_VERSION = 1.0;
				PRODUCT_BUNDLE_IDENTIFIER = "com.DevITIS.1k-mile.BookshelfUnitTests";
				PRODUCT_NAME = "$(TARGET_NAME)";
				SWIFT_EMIT_LOC_STRINGS = NO;
				SWIFT_VERSION = 5.0;
				TARGETED_DEVICE_FAMILY = "1,2";
				TEST_HOST = "$(BUILT_PRODUCTS_DIR)/Bookshelf.app/$(BUNDLE_EXECUTABLE_FOLDER_PATH)/Bookshelf";
			};
			name = Debug;
		};
		278309D62BC3089E0096F9AE /* Release */ = {
			isa = XCBuildConfiguration;
			buildSettings = {
				BUNDLE_LOADER = "$(TEST_HOST)";
				CODE_SIGN_STYLE = Automatic;
				CURRENT_PROJECT_VERSION = 1;
				DEVELOPMENT_TEAM = 6Z768ZM658;
				ENABLE_USER_SCRIPT_SANDBOXING = YES;
				GENERATE_INFOPLIST_FILE = YES;
				IPHONEOS_DEPLOYMENT_TARGET = 15.0;
				MARKETING_VERSION = 1.0;
				PRODUCT_BUNDLE_IDENTIFIER = "com.DevITIS.1k-mile.BookshelfUnitTests";
				PRODUCT_NAME = "$(TARGET_NAME)";
				SWIFT_EMIT_LOC_STRINGS = NO;
				SWIFT_VERSION = 5.0;
				TARGETED_DEVICE_FAMILY = "1,2";
				TEST_HOST = "$(BUILT_PRODUCTS_DIR)/Bookshelf.app/$(BUNDLE_EXECUTABLE_FOLDER_PATH)/Bookshelf";
			};
			name = Release;
		};
/* End XCBuildConfiguration section */

/* Begin XCConfigurationList section */
		270789602BAE060B00874D60 /* Build configuration list for PBXProject "Bookshelf" */ = {
			isa = XCConfigurationList;
			buildConfigurations = (
				270789772BAE061000874D60 /* Debug */,
				270789782BAE061000874D60 /* Release */,
			);
			defaultConfigurationIsVisible = 0;
			defaultConfigurationName = Release;
		};
		270789792BAE061000874D60 /* Build configuration list for PBXNativeTarget "Bookshelf" */ = {
			isa = XCConfigurationList;
			buildConfigurations = (
				2707897A2BAE061000874D60 /* Debug */,
				2707897B2BAE061000874D60 /* Release */,
			);
			defaultConfigurationIsVisible = 0;
			defaultConfigurationName = Release;
		};
		278309C72BC308650096F9AE /* Build configuration list for PBXNativeTarget "BookshelfUITests" */ = {
			isa = XCConfigurationList;
			buildConfigurations = (
				278309C82BC308650096F9AE /* Debug */,
				278309C92BC308650096F9AE /* Release */,
			);
			defaultConfigurationIsVisible = 0;
			defaultConfigurationName = Release;
		};
		278309D42BC3089E0096F9AE /* Build configuration list for PBXNativeTarget "BookshelfUnitTests" */ = {
			isa = XCConfigurationList;
			buildConfigurations = (
				278309D52BC3089E0096F9AE /* Debug */,
				278309D62BC3089E0096F9AE /* Release */,
			);
			defaultConfigurationIsVisible = 0;
			defaultConfigurationName = Release;
		};
/* End XCConfigurationList section */

/* Begin XCRemoteSwiftPackageReference section */
		2733750D2BB1AA5600191795 /* XCRemoteSwiftPackageReference "SnapKit" */ = {
			isa = XCRemoteSwiftPackageReference;
			repositoryURL = "https://github.com/SnapKit/SnapKit";
			requirement = {
				kind = upToNextMinorVersion;
				minimumVersion = 5.7.1;
			};
		};
		273375212BB1AC1300191795 /* XCRemoteSwiftPackageReference "firebase-ios-sdk" */ = {
			isa = XCRemoteSwiftPackageReference;
			repositoryURL = "https://github.com/firebase/firebase-ios-sdk.git";
			requirement = {
				kind = upToNextMinorVersion;
				minimumVersion = 10.23.0;
			};
		};
		277EF7FB2C038D5800643DC2 /* XCRemoteSwiftPackageReference "Moya" */ = {
			isa = XCRemoteSwiftPackageReference;
			repositoryURL = "https://github.com/Moya/Moya.git";
			requirement = {
				kind = upToNextMajorVersion;
				minimumVersion = 15.0.3;
			};
		};
		277EF8162C039C3500643DC2 /* XCRemoteSwiftPackageReference "SDWebImageSwiftUI" */ = {
			isa = XCRemoteSwiftPackageReference;
			repositoryURL = "https://github.com/SDWebImage/SDWebImageSwiftUI";
			requirement = {
				kind = upToNextMajorVersion;
				minimumVersion = 3.0.4;
			};
		};
		278309D92BC317650096F9AE /* XCRemoteSwiftPackageReference "swift-snapshot-testing" */ = {
			isa = XCRemoteSwiftPackageReference;
			repositoryURL = "https://github.com/pointfreeco/swift-snapshot-testing";
			requirement = {
				kind = upToNextMajorVersion;
				minimumVersion = 1.16.0;
			};
		};
/* End XCRemoteSwiftPackageReference section */

/* Begin XCSwiftPackageProductDependency section */
		270E99DC2BC3F1DA00D0A259 /* SnapshotTesting */ = {
			isa = XCSwiftPackageProductDependency;
			package = 278309D92BC317650096F9AE /* XCRemoteSwiftPackageReference "swift-snapshot-testing" */;
			productName = SnapshotTesting;
		};
		2733750E2BB1AA5600191795 /* SnapKit */ = {
			isa = XCSwiftPackageProductDependency;
			package = 2733750D2BB1AA5600191795 /* XCRemoteSwiftPackageReference "SnapKit" */;
			productName = SnapKit;
		};
		273375222BB1AC1300191795 /* FirebaseAuth */ = {
			isa = XCSwiftPackageProductDependency;
			package = 273375212BB1AC1300191795 /* XCRemoteSwiftPackageReference "firebase-ios-sdk" */;
			productName = FirebaseAuth;
		};
		273375242BB1AC1300191795 /* FirebaseFirestore */ = {
			isa = XCSwiftPackageProductDependency;
			package = 273375212BB1AC1300191795 /* XCRemoteSwiftPackageReference "firebase-ios-sdk" */;
			productName = FirebaseFirestore;
		};
		277EF7FC2C038D5800643DC2 /* CombineMoya */ = {
			isa = XCSwiftPackageProductDependency;
			package = 277EF7FB2C038D5800643DC2 /* XCRemoteSwiftPackageReference "Moya" */;
			productName = CombineMoya;
		};
		277EF7FE2C038D5800643DC2 /* Moya */ = {
			isa = XCSwiftPackageProductDependency;
			package = 277EF7FB2C038D5800643DC2 /* XCRemoteSwiftPackageReference "Moya" */;
			productName = Moya;
		};
		277EF8002C038D5800643DC2 /* ReactiveMoya */ = {
			isa = XCSwiftPackageProductDependency;
			package = 277EF7FB2C038D5800643DC2 /* XCRemoteSwiftPackageReference "Moya" */;
			productName = ReactiveMoya;
		};
		277EF8022C038D5800643DC2 /* RxMoya */ = {
			isa = XCSwiftPackageProductDependency;
			package = 277EF7FB2C038D5800643DC2 /* XCRemoteSwiftPackageReference "Moya" */;
			productName = RxMoya;
		};
		277EF8172C039C3500643DC2 /* SDWebImageSwiftUI */ = {
			isa = XCSwiftPackageProductDependency;
			package = 277EF8162C039C3500643DC2 /* XCRemoteSwiftPackageReference "SDWebImageSwiftUI" */;
			productName = SDWebImageSwiftUI;
		};
/* End XCSwiftPackageProductDependency section */

/* Begin XCVersionGroup section */
		BADDEF0F2C0399FC00288585 /* CoreData.xcdatamodeld */ = {
			isa = XCVersionGroup;
			children = (
				BADDEF102C0399FC00288585 /* CoreData.xcdatamodel */,
			);
			currentVersion = BADDEF102C0399FC00288585 /* CoreData.xcdatamodel */;
			path = CoreData.xcdatamodeld;
			sourceTree = "<group>";
			versionGroupType = wrapper.xcdatamodel;
		};
/* End XCVersionGroup section */
	};
	rootObject = 2707895D2BAE060B00874D60 /* Project object */;
}
